// !$*UTF8*$!
{
	archiveVersion = 1;
	classes = {
	};
	objectVersion = 50;
	objects = {

/* Begin PBXBuildFile section */
		6EAA3FE95667B4CAD5EEAD41 /* libPods-MallShopMerchants.a in Frameworks */ = {isa = PBXBuildFile; fileRef = 19E4E9C8EF38D8F602252899 /* libPods-MallShopMerchants.a */; };
		7803E6D4227EC13D0038C5BB /* AppDelegate.m in Sources */ = {isa = PBXBuildFile; fileRef = 7803E6D3227EC13D0038C5BB /* AppDelegate.m */; };
		7803E6D7227EC13D0038C5BB /* ViewController.m in Sources */ = {isa = PBXBuildFile; fileRef = 7803E6D6227EC13D0038C5BB /* ViewController.m */; };
		7803E6DA227EC13D0038C5BB /* Main.storyboard in Resources */ = {isa = PBXBuildFile; fileRef = 7803E6D8227EC13D0038C5BB /* Main.storyboard */; };
		7803E6DC227EC13F0038C5BB /* Assets.xcassets in Resources */ = {isa = PBXBuildFile; fileRef = 7803E6DB227EC13F0038C5BB /* Assets.xcassets */; };
		7803E6DF227EC13F0038C5BB /* LaunchScreen.storyboard in Resources */ = {isa = PBXBuildFile; fileRef = 7803E6DD227EC13F0038C5BB /* LaunchScreen.storyboard */; };
		7803E6E2227EC13F0038C5BB /* main.m in Sources */ = {isa = PBXBuildFile; fileRef = 7803E6E1227EC13F0038C5BB /* main.m */; };
		7803E6EC227EC13F0038C5BB /* MallShopMerchantsTests.m in Sources */ = {isa = PBXBuildFile; fileRef = 7803E6EB227EC13F0038C5BB /* MallShopMerchantsTests.m */; };
		7803E6F7227EC13F0038C5BB /* MallShopMerchantsUITests.m in Sources */ = {isa = PBXBuildFile; fileRef = 7803E6F6227EC13F0038C5BB /* MallShopMerchantsUITests.m */; };
		7803E70A227EC4ED0038C5BB /* BaseViewController.m in Sources */ = {isa = PBXBuildFile; fileRef = 7803E709227EC4ED0038C5BB /* BaseViewController.m */; };
		7803E70D227EC5040038C5BB /* BaseView.m in Sources */ = {isa = PBXBuildFile; fileRef = 7803E70C227EC5040038C5BB /* BaseView.m */; };
		7803E710227EC5140038C5BB /* BaseModel.m in Sources */ = {isa = PBXBuildFile; fileRef = 7803E70F227EC5140038C5BB /* BaseModel.m */; };
		7803E714227EC8040038C5BB /* MallShopMerchantsNC.m in Sources */ = {isa = PBXBuildFile; fileRef = 7803E713227EC8040038C5BB /* MallShopMerchantsNC.m */; };
		7803E717227EC85B0038C5BB /* MallShopTabBarController.m in Sources */ = {isa = PBXBuildFile; fileRef = 7803E716227EC85B0038C5BB /* MallShopTabBarController.m */; };
		7803E726227ECB150038C5BB /* HomePageVC.m in Sources */ = {isa = PBXBuildFile; fileRef = 7803E725227ECB150038C5BB /* HomePageVC.m */; };
		7803E729227ECB710038C5BB /* MyVC.m in Sources */ = {isa = PBXBuildFile; fileRef = 7803E728227ECB710038C5BB /* MyVC.m */; };
		7803E72C227ECB820038C5BB /* OrderVC.m in Sources */ = {isa = PBXBuildFile; fileRef = 7803E72B227ECB820038C5BB /* OrderVC.m */; };
		7803E733227EDCBE0038C5BB /* UIColor+HexString.m in Sources */ = {isa = PBXBuildFile; fileRef = 7803E732227EDCBE0038C5BB /* UIColor+HexString.m */; };
		7803E738227EE24D0038C5BB /* ComponentTools.m in Sources */ = {isa = PBXBuildFile; fileRef = 7803E737227EE24D0038C5BB /* ComponentTools.m */; };
		7803E73F228029210038C5BB /* HomePageShopManageCell.m in Sources */ = {isa = PBXBuildFile; fileRef = 7803E73D228027EE0038C5BB /* HomePageShopManageCell.m */; };
		7803E742228056490038C5BB /* SearchVC.m in Sources */ = {isa = PBXBuildFile; fileRef = 7803E741228056490038C5BB /* SearchVC.m */; };
		7803E745228136100038C5BB /* PaymentHasBeenVC.m in Sources */ = {isa = PBXBuildFile; fileRef = 7803E744228136100038C5BB /* PaymentHasBeenVC.m */; };
		7803E751228138430038C5BB /* OrderOptionView.m in Sources */ = {isa = PBXBuildFile; fileRef = 7803E750228138430038C5BB /* OrderOptionView.m */; };
		7803E7542281613E0038C5BB /* OrderStatusCell.m in Sources */ = {isa = PBXBuildFile; fileRef = 7803E7532281613E0038C5BB /* OrderStatusCell.m */; };
		7803E75A22817AC70038C5BB /* MyItemCell.m in Sources */ = {isa = PBXBuildFile; fileRef = 7803E75922817AC70038C5BB /* MyItemCell.m */; };
		7803E75D22817D570038C5BB /* MyItemModel.m in Sources */ = {isa = PBXBuildFile; fileRef = 7803E75C22817D570038C5BB /* MyItemModel.m */; };
		A6BF83B42281CE0200A66858 /* LoginTexView.m in Sources */ = {isa = PBXBuildFile; fileRef = A6BF83B22281CE0200A66858 /* LoginTexView.m */; };
		A6BF83B52281CE0200A66858 /* LoginIconView.m in Sources */ = {isa = PBXBuildFile; fileRef = A6BF83B32281CE0200A66858 /* LoginIconView.m */; };
		A6BF83EA2281D8FE00A66858 /* NSArray+JKSafeAccess.m in Sources */ = {isa = PBXBuildFile; fileRef = A6BF83E62281D8FE00A66858 /* NSArray+JKSafeAccess.m */; };
		A6BF83EB2281D8FE00A66858 /* NSDictionary+JKSafeAccess.m in Sources */ = {isa = PBXBuildFile; fileRef = A6BF83E72281D8FE00A66858 /* NSDictionary+JKSafeAccess.m */; };
		A6BF83EF2281D95E00A66858 /* NSString+VericationTool.m in Sources */ = {isa = PBXBuildFile; fileRef = A6BF83EE2281D95D00A66858 /* NSString+VericationTool.m */; };
		A6BF84072281DAC800A66858 /* LCCache.m in Sources */ = {isa = PBXBuildFile; fileRef = A6BF83F32281DAC800A66858 /* LCCache.m */; };
		A6BF84082281DAC800A66858 /* NSString+VericationTool.m in Sources */ = {isa = PBXBuildFile; fileRef = A6BF83F82281DAC800A66858 /* NSString+VericationTool.m */; };
		A6BF84092281DAC800A66858 /* NetworkingManager.m in Sources */ = {isa = PBXBuildFile; fileRef = A6BF83FA2281DAC800A66858 /* NetworkingManager.m */; };
		A6BF840A2281DAC800A66858 /* NSObject+JSONTool.m in Sources */ = {isa = PBXBuildFile; fileRef = A6BF83FD2281DAC800A66858 /* NSObject+JSONTool.m */; };
		A6BF840B2281DAC800A66858 /* TimeClock.m in Sources */ = {isa = PBXBuildFile; fileRef = A6BF84002281DAC800A66858 /* TimeClock.m */; };
		A6BF840C2281DAC800A66858 /* LCAccount.m in Sources */ = {isa = PBXBuildFile; fileRef = A6BF84032281DAC800A66858 /* LCAccount.m */; };
		A6BF840D2281DAC800A66858 /* ServiceBaseUrlTool.m in Sources */ = {isa = PBXBuildFile; fileRef = A6BF84052281DAC800A66858 /* ServiceBaseUrlTool.m */; };
		A6BF840E2281DAC800A66858 /* ProcessingHandler.m in Sources */ = {isa = PBXBuildFile; fileRef = A6BF84062281DAC800A66858 /* ProcessingHandler.m */; };
		A6BF841222825EB500A66858 /* LoginService.m in Sources */ = {isa = PBXBuildFile; fileRef = A6BF841122825EB500A66858 /* LoginService.m */; };
		A6BF8415228260C400A66858 /* LoginModelItems.m in Sources */ = {isa = PBXBuildFile; fileRef = A6BF8414228260C400A66858 /* LoginModelItems.m */; };
		A6BF841C2282637900A66858 /* 37x-Checkmark.png in Resources */ = {isa = PBXBuildFile; fileRef = A6BF84172282637900A66858 /* 37x-Checkmark.png */; };
		A6BF841D2282637900A66858 /* MBProgressHUD+Add.m in Sources */ = {isa = PBXBuildFile; fileRef = A6BF84182282637900A66858 /* MBProgressHUD+Add.m */; };
		A6BF841E2282637900A66858 /* 37x-Checkmark@2x.png in Resources */ = {isa = PBXBuildFile; fileRef = A6BF84192282637900A66858 /* 37x-Checkmark@2x.png */; };
		A6BF841F2282637900A66858 /* MBProgressHUD.bundle in Resources */ = {isa = PBXBuildFile; fileRef = A6BF841B2282637900A66858 /* MBProgressHUD.bundle */; };
		A6BF84282282F4C100A66858 /* OrderModelItems.m in Sources */ = {isa = PBXBuildFile; fileRef = A6BF84272282F4C100A66858 /* OrderModelItems.m */; };
		A6BF842B2282F4E400A66858 /* OrederSerivce.m in Sources */ = {isa = PBXBuildFile; fileRef = A6BF842A2282F4E400A66858 /* OrederSerivce.m */; };
		A6BF842E2282FE5E00A66858 /* MyWalletVC.m in Sources */ = {isa = PBXBuildFile; fileRef = A6BF842D2282FE5E00A66858 /* MyWalletVC.m */; };
		A6BF84312282FEAA00A66858 /* WalletHeardView.m in Sources */ = {isa = PBXBuildFile; fileRef = A6BF84302282FEAA00A66858 /* WalletHeardView.m */; };
		A6BF843422830DB200A66858 /* BankCardCell.m in Sources */ = {isa = PBXBuildFile; fileRef = A6BF843322830DB200A66858 /* BankCardCell.m */; };
		A6BF84372283103700A66858 /* WalletFooterView.m in Sources */ = {isa = PBXBuildFile; fileRef = A6BF84362283103700A66858 /* WalletFooterView.m */; };
		A6BF84472283235000A66858 /* UserInfoItems.m in Sources */ = {isa = PBXBuildFile; fileRef = A6BF84402283235000A66858 /* UserInfoItems.m */; };
		A6BF84482283235000A66858 /* WalletItems.m in Sources */ = {isa = PBXBuildFile; fileRef = A6BF84412283235000A66858 /* WalletItems.m */; };
		A6BF84492283235000A66858 /* BankCartItems.m in Sources */ = {isa = PBXBuildFile; fileRef = A6BF84422283235000A66858 /* BankCartItems.m */; };
		A6BF844A2283235000A66858 /* HomePageSerivce.m in Sources */ = {isa = PBXBuildFile; fileRef = A6BF84432283235000A66858 /* HomePageSerivce.m */; };
		A6BF844D2283B7F100A66858 /* MySetSerivce.m in Sources */ = {isa = PBXBuildFile; fileRef = A6BF844C2283B7F100A66858 /* MySetSerivce.m */; };
		A6F3CF4522846EDD003E2C41 /* GeneralResultsItems.m in Sources */ = {isa = PBXBuildFile; fileRef = A6F3CF4422846EDD003E2C41 /* GeneralResultsItems.m */; };
		A6F3CF4822847219003E2C41 /* ReportVC.m in Sources */ = {isa = PBXBuildFile; fileRef = A6F3CF4722847219003E2C41 /* ReportVC.m */; };
		A6F3CF4C228472F8003E2C41 /* ReportListVC.m in Sources */ = {isa = PBXBuildFile; fileRef = A6F3CF4B228472F8003E2C41 /* ReportListVC.m */; };
		A6F3CF512284751E003E2C41 /* ReportAmountView.m in Sources */ = {isa = PBXBuildFile; fileRef = A6F3CF502284751E003E2C41 /* ReportAmountView.m */; };
		A6F3CF542284754D003E2C41 /* ReportShopNewsView.m in Sources */ = {isa = PBXBuildFile; fileRef = A6F3CF532284754D003E2C41 /* ReportShopNewsView.m */; };
		A6F3CF5722847E7C003E2C41 /* ReportItems.m in Sources */ = {isa = PBXBuildFile; fileRef = A6F3CF5622847E7C003E2C41 /* ReportItems.m */; };
		B55323B822819E1600293052 /* LoginViewController.m in Sources */ = {isa = PBXBuildFile; fileRef = B55323B722819E1600293052 /* LoginViewController.m */; };
		B5D924A922829F5300A88BC5 /* StoreInfomationViewController.m in Sources */ = {isa = PBXBuildFile; fileRef = B5D924A822829F5300A88BC5 /* StoreInfomationViewController.m */; };
		B5D924AD2282ACBC00A88BC5 /* StoreInfoTableViewCell.m in Sources */ = {isa = PBXBuildFile; fileRef = B5D924AC2282ACBC00A88BC5 /* StoreInfoTableViewCell.m */; };
		B5D924B12282BB4800A88BC5 /* StoreNoticeViewController.m in Sources */ = {isa = PBXBuildFile; fileRef = B5D924B02282BB4800A88BC5 /* StoreNoticeViewController.m */; };
		B5D924B52282BDB000A88BC5 /* StoreNoticeTableViewCell.m in Sources */ = {isa = PBXBuildFile; fileRef = B5D924B42282BDB000A88BC5 /* StoreNoticeTableViewCell.m */; };
		B5D924B82282C84000A88BC5 /* NoticeSectionHeadView.m in Sources */ = {isa = PBXBuildFile; fileRef = B5D924B72282C84000A88BC5 /* NoticeSectionHeadView.m */; };
		B5D924BC2283039600A88BC5 /* SettingViewController.m in Sources */ = {isa = PBXBuildFile; fileRef = B5D924BB2283039600A88BC5 /* SettingViewController.m */; };
		B5D924C022830D6F00A88BC5 /* AddBlankCardViewController.m in Sources */ = {isa = PBXBuildFile; fileRef = B5D924BF22830D6F00A88BC5 /* AddBlankCardViewController.m */; };
		B5D924C72283228700A88BC5 /* VerificationCodeViewController.m in Sources */ = {isa = PBXBuildFile; fileRef = B5D924C62283228700A88BC5 /* VerificationCodeViewController.m */; };
/* End PBXBuildFile section */

/* Begin PBXContainerItemProxy section */
		7803E6E8227EC13F0038C5BB /* PBXContainerItemProxy */ = {
			isa = PBXContainerItemProxy;
			containerPortal = 7803E6C7227EC13D0038C5BB /* Project object */;
			proxyType = 1;
			remoteGlobalIDString = 7803E6CE227EC13D0038C5BB;
			remoteInfo = MallShopMerchants;
		};
		7803E6F3227EC13F0038C5BB /* PBXContainerItemProxy */ = {
			isa = PBXContainerItemProxy;
			containerPortal = 7803E6C7227EC13D0038C5BB /* Project object */;
			proxyType = 1;
			remoteGlobalIDString = 7803E6CE227EC13D0038C5BB;
			remoteInfo = MallShopMerchants;
		};
/* End PBXContainerItemProxy section */

/* Begin PBXFileReference section */
		19E4E9C8EF38D8F602252899 /* libPods-MallShopMerchants.a */ = {isa = PBXFileReference; explicitFileType = archive.ar; includeInIndex = 0; path = "libPods-MallShopMerchants.a"; sourceTree = BUILT_PRODUCTS_DIR; };
		2A536CA15DB61F8755C075D5 /* Pods-MallShopMerchants.debug.xcconfig */ = {isa = PBXFileReference; includeInIndex = 1; lastKnownFileType = text.xcconfig; name = "Pods-MallShopMerchants.debug.xcconfig"; path = "Pods/Target Support Files/Pods-MallShopMerchants/Pods-MallShopMerchants.debug.xcconfig"; sourceTree = "<group>"; };
		7803E6CF227EC13D0038C5BB /* MallShopMerchants.app */ = {isa = PBXFileReference; explicitFileType = wrapper.application; includeInIndex = 0; path = MallShopMerchants.app; sourceTree = BUILT_PRODUCTS_DIR; };
		7803E6D2227EC13D0038C5BB /* AppDelegate.h */ = {isa = PBXFileReference; lastKnownFileType = sourcecode.c.h; path = AppDelegate.h; sourceTree = "<group>"; };
		7803E6D3227EC13D0038C5BB /* AppDelegate.m */ = {isa = PBXFileReference; lastKnownFileType = sourcecode.c.objc; path = AppDelegate.m; sourceTree = "<group>"; };
		7803E6D5227EC13D0038C5BB /* ViewController.h */ = {isa = PBXFileReference; lastKnownFileType = sourcecode.c.h; path = ViewController.h; sourceTree = "<group>"; };
		7803E6D6227EC13D0038C5BB /* ViewController.m */ = {isa = PBXFileReference; lastKnownFileType = sourcecode.c.objc; path = ViewController.m; sourceTree = "<group>"; };
		7803E6D9227EC13D0038C5BB /* Base */ = {isa = PBXFileReference; lastKnownFileType = file.storyboard; name = Base; path = Base.lproj/Main.storyboard; sourceTree = "<group>"; };
		7803E6DB227EC13F0038C5BB /* Assets.xcassets */ = {isa = PBXFileReference; lastKnownFileType = folder.assetcatalog; path = Assets.xcassets; sourceTree = "<group>"; };
		7803E6DE227EC13F0038C5BB /* Base */ = {isa = PBXFileReference; lastKnownFileType = file.storyboard; name = Base; path = Base.lproj/LaunchScreen.storyboard; sourceTree = "<group>"; };
		7803E6E0227EC13F0038C5BB /* Info.plist */ = {isa = PBXFileReference; lastKnownFileType = text.plist.xml; path = Info.plist; sourceTree = "<group>"; };
		7803E6E1227EC13F0038C5BB /* main.m */ = {isa = PBXFileReference; lastKnownFileType = sourcecode.c.objc; path = main.m; sourceTree = "<group>"; };
		7803E6E7227EC13F0038C5BB /* MallShopMerchantsTests.xctest */ = {isa = PBXFileReference; explicitFileType = wrapper.cfbundle; includeInIndex = 0; path = MallShopMerchantsTests.xctest; sourceTree = BUILT_PRODUCTS_DIR; };
		7803E6EB227EC13F0038C5BB /* MallShopMerchantsTests.m */ = {isa = PBXFileReference; lastKnownFileType = sourcecode.c.objc; path = MallShopMerchantsTests.m; sourceTree = "<group>"; };
		7803E6ED227EC13F0038C5BB /* Info.plist */ = {isa = PBXFileReference; lastKnownFileType = text.plist.xml; path = Info.plist; sourceTree = "<group>"; };
		7803E6F2227EC13F0038C5BB /* MallShopMerchantsUITests.xctest */ = {isa = PBXFileReference; explicitFileType = wrapper.cfbundle; includeInIndex = 0; path = MallShopMerchantsUITests.xctest; sourceTree = BUILT_PRODUCTS_DIR; };
		7803E6F6227EC13F0038C5BB /* MallShopMerchantsUITests.m */ = {isa = PBXFileReference; lastKnownFileType = sourcecode.c.objc; path = MallShopMerchantsUITests.m; sourceTree = "<group>"; };
		7803E6F8227EC13F0038C5BB /* Info.plist */ = {isa = PBXFileReference; lastKnownFileType = text.plist.xml; path = Info.plist; sourceTree = "<group>"; };
		7803E708227EC4ED0038C5BB /* BaseViewController.h */ = {isa = PBXFileReference; lastKnownFileType = sourcecode.c.h; path = BaseViewController.h; sourceTree = "<group>"; };
		7803E709227EC4ED0038C5BB /* BaseViewController.m */ = {isa = PBXFileReference; lastKnownFileType = sourcecode.c.objc; path = BaseViewController.m; sourceTree = "<group>"; };
		7803E70B227EC5040038C5BB /* BaseView.h */ = {isa = PBXFileReference; lastKnownFileType = sourcecode.c.h; path = BaseView.h; sourceTree = "<group>"; };
		7803E70C227EC5040038C5BB /* BaseView.m */ = {isa = PBXFileReference; lastKnownFileType = sourcecode.c.objc; path = BaseView.m; sourceTree = "<group>"; };
		7803E70E227EC5140038C5BB /* BaseModel.h */ = {isa = PBXFileReference; lastKnownFileType = sourcecode.c.h; path = BaseModel.h; sourceTree = "<group>"; };
		7803E70F227EC5140038C5BB /* BaseModel.m */ = {isa = PBXFileReference; lastKnownFileType = sourcecode.c.objc; path = BaseModel.m; sourceTree = "<group>"; };
		7803E712227EC8040038C5BB /* MallShopMerchantsNC.h */ = {isa = PBXFileReference; lastKnownFileType = sourcecode.c.h; path = MallShopMerchantsNC.h; sourceTree = "<group>"; };
		7803E713227EC8040038C5BB /* MallShopMerchantsNC.m */ = {isa = PBXFileReference; lastKnownFileType = sourcecode.c.objc; path = MallShopMerchantsNC.m; sourceTree = "<group>"; };
		7803E715227EC85B0038C5BB /* MallShopTabBarController.h */ = {isa = PBXFileReference; lastKnownFileType = sourcecode.c.h; path = MallShopTabBarController.h; sourceTree = "<group>"; };
		7803E716227EC85B0038C5BB /* MallShopTabBarController.m */ = {isa = PBXFileReference; lastKnownFileType = sourcecode.c.objc; path = MallShopTabBarController.m; sourceTree = "<group>"; };
		7803E724227ECB150038C5BB /* HomePageVC.h */ = {isa = PBXFileReference; lastKnownFileType = sourcecode.c.h; path = HomePageVC.h; sourceTree = "<group>"; };
		7803E725227ECB150038C5BB /* HomePageVC.m */ = {isa = PBXFileReference; lastKnownFileType = sourcecode.c.objc; path = HomePageVC.m; sourceTree = "<group>"; };
		7803E727227ECB710038C5BB /* MyVC.h */ = {isa = PBXFileReference; lastKnownFileType = sourcecode.c.h; path = MyVC.h; sourceTree = "<group>"; };
		7803E728227ECB710038C5BB /* MyVC.m */ = {isa = PBXFileReference; lastKnownFileType = sourcecode.c.objc; path = MyVC.m; sourceTree = "<group>"; };
		7803E72A227ECB820038C5BB /* OrderVC.h */ = {isa = PBXFileReference; lastKnownFileType = sourcecode.c.h; path = OrderVC.h; sourceTree = "<group>"; };
		7803E72B227ECB820038C5BB /* OrderVC.m */ = {isa = PBXFileReference; lastKnownFileType = sourcecode.c.objc; path = OrderVC.m; sourceTree = "<group>"; };
		7803E72D227ECE4F0038C5BB /* PrefixHeader.pch */ = {isa = PBXFileReference; lastKnownFileType = sourcecode.c.h; path = PrefixHeader.pch; sourceTree = "<group>"; };
		7803E72E227ECF860038C5BB /* MallShopMerchantsHeader.h */ = {isa = PBXFileReference; lastKnownFileType = sourcecode.c.h; path = MallShopMerchantsHeader.h; sourceTree = "<group>"; };
		7803E731227EDCBE0038C5BB /* UIColor+HexString.h */ = {isa = PBXFileReference; fileEncoding = 4; lastKnownFileType = sourcecode.c.h; path = "UIColor+HexString.h"; sourceTree = "<group>"; };
		7803E732227EDCBE0038C5BB /* UIColor+HexString.m */ = {isa = PBXFileReference; fileEncoding = 4; lastKnownFileType = sourcecode.c.objc; path = "UIColor+HexString.m"; sourceTree = "<group>"; };
		7803E734227EDD9A0038C5BB /* MallShopMerchantsMacro.h */ = {isa = PBXFileReference; lastKnownFileType = sourcecode.c.h; path = MallShopMerchantsMacro.h; sourceTree = "<group>"; };
		7803E736227EE24D0038C5BB /* ComponentTools.h */ = {isa = PBXFileReference; lastKnownFileType = sourcecode.c.h; path = ComponentTools.h; sourceTree = "<group>"; };
		7803E737227EE24D0038C5BB /* ComponentTools.m */ = {isa = PBXFileReference; lastKnownFileType = sourcecode.c.objc; path = ComponentTools.m; sourceTree = "<group>"; };
		7803E73C228027EE0038C5BB /* HomePageShopManageCell.h */ = {isa = PBXFileReference; lastKnownFileType = sourcecode.c.h; path = HomePageShopManageCell.h; sourceTree = "<group>"; };
		7803E73D228027EE0038C5BB /* HomePageShopManageCell.m */ = {isa = PBXFileReference; lastKnownFileType = sourcecode.c.objc; path = HomePageShopManageCell.m; sourceTree = "<group>"; };
		7803E740228056490038C5BB /* SearchVC.h */ = {isa = PBXFileReference; lastKnownFileType = sourcecode.c.h; path = SearchVC.h; sourceTree = "<group>"; };
		7803E741228056490038C5BB /* SearchVC.m */ = {isa = PBXFileReference; lastKnownFileType = sourcecode.c.objc; path = SearchVC.m; sourceTree = "<group>"; };
		7803E743228136100038C5BB /* PaymentHasBeenVC.h */ = {isa = PBXFileReference; lastKnownFileType = sourcecode.c.h; path = PaymentHasBeenVC.h; sourceTree = "<group>"; };
		7803E744228136100038C5BB /* PaymentHasBeenVC.m */ = {isa = PBXFileReference; lastKnownFileType = sourcecode.c.objc; path = PaymentHasBeenVC.m; sourceTree = "<group>"; };
		7803E74F228138430038C5BB /* OrderOptionView.h */ = {isa = PBXFileReference; lastKnownFileType = sourcecode.c.h; path = OrderOptionView.h; sourceTree = "<group>"; };
		7803E750228138430038C5BB /* OrderOptionView.m */ = {isa = PBXFileReference; lastKnownFileType = sourcecode.c.objc; path = OrderOptionView.m; sourceTree = "<group>"; };
		7803E7522281613E0038C5BB /* OrderStatusCell.h */ = {isa = PBXFileReference; lastKnownFileType = sourcecode.c.h; path = OrderStatusCell.h; sourceTree = "<group>"; };
		7803E7532281613E0038C5BB /* OrderStatusCell.m */ = {isa = PBXFileReference; lastKnownFileType = sourcecode.c.objc; path = OrderStatusCell.m; sourceTree = "<group>"; };
		7803E75822817AC70038C5BB /* MyItemCell.h */ = {isa = PBXFileReference; lastKnownFileType = sourcecode.c.h; path = MyItemCell.h; sourceTree = "<group>"; };
		7803E75922817AC70038C5BB /* MyItemCell.m */ = {isa = PBXFileReference; lastKnownFileType = sourcecode.c.objc; path = MyItemCell.m; sourceTree = "<group>"; };
		7803E75B22817D570038C5BB /* MyItemModel.h */ = {isa = PBXFileReference; lastKnownFileType = sourcecode.c.h; path = MyItemModel.h; sourceTree = "<group>"; };
		7803E75C22817D570038C5BB /* MyItemModel.m */ = {isa = PBXFileReference; lastKnownFileType = sourcecode.c.objc; path = MyItemModel.m; sourceTree = "<group>"; };
		A089EA6250334994F39488BC /* Pods-MallShopMerchants.release.xcconfig */ = {isa = PBXFileReference; includeInIndex = 1; lastKnownFileType = text.xcconfig; name = "Pods-MallShopMerchants.release.xcconfig"; path = "Pods/Target Support Files/Pods-MallShopMerchants/Pods-MallShopMerchants.release.xcconfig"; sourceTree = "<group>"; };
		A6BF83B02281CE0200A66858 /* LoginTexView.h */ = {isa = PBXFileReference; fileEncoding = 4; lastKnownFileType = sourcecode.c.h; path = LoginTexView.h; sourceTree = "<group>"; };
		A6BF83B12281CE0200A66858 /* LoginIconView.h */ = {isa = PBXFileReference; fileEncoding = 4; lastKnownFileType = sourcecode.c.h; path = LoginIconView.h; sourceTree = "<group>"; };
		A6BF83B22281CE0200A66858 /* LoginTexView.m */ = {isa = PBXFileReference; fileEncoding = 4; lastKnownFileType = sourcecode.c.objc; path = LoginTexView.m; sourceTree = "<group>"; };
		A6BF83B32281CE0200A66858 /* LoginIconView.m */ = {isa = PBXFileReference; fileEncoding = 4; lastKnownFileType = sourcecode.c.objc; path = LoginIconView.m; sourceTree = "<group>"; };
		A6BF83E32281D82500A66858 /* zh-Hans */ = {isa = PBXFileReference; lastKnownFileType = text.plist.strings; name = "zh-Hans"; path = "zh-Hans.lproj/Main.strings"; sourceTree = "<group>"; };
		A6BF83E42281D82500A66858 /* zh-Hans */ = {isa = PBXFileReference; lastKnownFileType = text.plist.strings; name = "zh-Hans"; path = "zh-Hans.lproj/LaunchScreen.strings"; sourceTree = "<group>"; };
		A6BF83E62281D8FE00A66858 /* NSArray+JKSafeAccess.m */ = {isa = PBXFileReference; fileEncoding = 4; lastKnownFileType = sourcecode.c.objc; path = "NSArray+JKSafeAccess.m"; sourceTree = "<group>"; };
		A6BF83E72281D8FE00A66858 /* NSDictionary+JKSafeAccess.m */ = {isa = PBXFileReference; fileEncoding = 4; lastKnownFileType = sourcecode.c.objc; path = "NSDictionary+JKSafeAccess.m"; sourceTree = "<group>"; };
		A6BF83E82281D8FE00A66858 /* NSArray+JKSafeAccess.h */ = {isa = PBXFileReference; fileEncoding = 4; lastKnownFileType = sourcecode.c.h; path = "NSArray+JKSafeAccess.h"; sourceTree = "<group>"; };
		A6BF83E92281D8FE00A66858 /* NSDictionary+JKSafeAccess.h */ = {isa = PBXFileReference; fileEncoding = 4; lastKnownFileType = sourcecode.c.h; path = "NSDictionary+JKSafeAccess.h"; sourceTree = "<group>"; };
		A6BF83ED2281D95D00A66858 /* NSString+VericationTool.h */ = {isa = PBXFileReference; fileEncoding = 4; lastKnownFileType = sourcecode.c.h; path = "NSString+VericationTool.h"; sourceTree = "<group>"; };
		A6BF83EE2281D95D00A66858 /* NSString+VericationTool.m */ = {isa = PBXFileReference; fileEncoding = 4; lastKnownFileType = sourcecode.c.objc; path = "NSString+VericationTool.m"; sourceTree = "<group>"; };
		A6BF83F12281DAC800A66858 /* NetworkingManager.h */ = {isa = PBXFileReference; fileEncoding = 4; lastKnownFileType = sourcecode.c.h; path = NetworkingManager.h; sourceTree = "<group>"; };
		A6BF83F32281DAC800A66858 /* LCCache.m */ = {isa = PBXFileReference; fileEncoding = 4; lastKnownFileType = sourcecode.c.objc; path = LCCache.m; sourceTree = "<group>"; };
		A6BF83F42281DAC800A66858 /* LCCache.h */ = {isa = PBXFileReference; fileEncoding = 4; lastKnownFileType = sourcecode.c.h; path = LCCache.h; sourceTree = "<group>"; };
		A6BF83F52281DAC800A66858 /* ProcessingHandler.h */ = {isa = PBXFileReference; fileEncoding = 4; lastKnownFileType = sourcecode.c.h; path = ProcessingHandler.h; sourceTree = "<group>"; };
		A6BF83F72281DAC800A66858 /* NSString+VericationTool.h */ = {isa = PBXFileReference; fileEncoding = 4; lastKnownFileType = sourcecode.c.h; path = "NSString+VericationTool.h"; sourceTree = "<group>"; };
		A6BF83F82281DAC800A66858 /* NSString+VericationTool.m */ = {isa = PBXFileReference; fileEncoding = 4; lastKnownFileType = sourcecode.c.objc; path = "NSString+VericationTool.m"; sourceTree = "<group>"; };
		A6BF83F92281DAC800A66858 /* ServiceBaseUrlTool.h */ = {isa = PBXFileReference; fileEncoding = 4; lastKnownFileType = sourcecode.c.h; path = ServiceBaseUrlTool.h; sourceTree = "<group>"; };
		A6BF83FA2281DAC800A66858 /* NetworkingManager.m */ = {isa = PBXFileReference; fileEncoding = 4; lastKnownFileType = sourcecode.c.objc; path = NetworkingManager.m; sourceTree = "<group>"; };
		A6BF83FC2281DAC800A66858 /* NSObject+JSONTool.h */ = {isa = PBXFileReference; fileEncoding = 4; lastKnownFileType = sourcecode.c.h; path = "NSObject+JSONTool.h"; sourceTree = "<group>"; };
		A6BF83FD2281DAC800A66858 /* NSObject+JSONTool.m */ = {isa = PBXFileReference; fileEncoding = 4; lastKnownFileType = sourcecode.c.objc; path = "NSObject+JSONTool.m"; sourceTree = "<group>"; };
		A6BF84002281DAC800A66858 /* TimeClock.m */ = {isa = PBXFileReference; fileEncoding = 4; lastKnownFileType = sourcecode.c.objc; path = TimeClock.m; sourceTree = "<group>"; };
		A6BF84012281DAC800A66858 /* TimeClock.h */ = {isa = PBXFileReference; fileEncoding = 4; lastKnownFileType = sourcecode.c.h; path = TimeClock.h; sourceTree = "<group>"; };
		A6BF84032281DAC800A66858 /* LCAccount.m */ = {isa = PBXFileReference; fileEncoding = 4; lastKnownFileType = sourcecode.c.objc; path = LCAccount.m; sourceTree = "<group>"; };
		A6BF84042281DAC800A66858 /* LCAccount.h */ = {isa = PBXFileReference; fileEncoding = 4; lastKnownFileType = sourcecode.c.h; path = LCAccount.h; sourceTree = "<group>"; };
		A6BF84052281DAC800A66858 /* ServiceBaseUrlTool.m */ = {isa = PBXFileReference; fileEncoding = 4; lastKnownFileType = sourcecode.c.objc; path = ServiceBaseUrlTool.m; sourceTree = "<group>"; };
		A6BF84062281DAC800A66858 /* ProcessingHandler.m */ = {isa = PBXFileReference; fileEncoding = 4; lastKnownFileType = sourcecode.c.objc; path = ProcessingHandler.m; sourceTree = "<group>"; };
		A6BF841022825EB500A66858 /* LoginService.h */ = {isa = PBXFileReference; fileEncoding = 4; lastKnownFileType = sourcecode.c.h; path = LoginService.h; sourceTree = "<group>"; };
		A6BF841122825EB500A66858 /* LoginService.m */ = {isa = PBXFileReference; fileEncoding = 4; lastKnownFileType = sourcecode.c.objc; path = LoginService.m; sourceTree = "<group>"; };
		A6BF8413228260C400A66858 /* LoginModelItems.h */ = {isa = PBXFileReference; lastKnownFileType = sourcecode.c.h; path = LoginModelItems.h; sourceTree = "<group>"; };
		A6BF8414228260C400A66858 /* LoginModelItems.m */ = {isa = PBXFileReference; lastKnownFileType = sourcecode.c.objc; path = LoginModelItems.m; sourceTree = "<group>"; };
		A6BF84172282637900A66858 /* 37x-Checkmark.png */ = {isa = PBXFileReference; lastKnownFileType = image.png; path = "37x-Checkmark.png"; sourceTree = "<group>"; };
		A6BF84182282637900A66858 /* MBProgressHUD+Add.m */ = {isa = PBXFileReference; fileEncoding = 4; lastKnownFileType = sourcecode.c.objc; path = "MBProgressHUD+Add.m"; sourceTree = "<group>"; };
		A6BF84192282637900A66858 /* 37x-Checkmark@2x.png */ = {isa = PBXFileReference; lastKnownFileType = image.png; path = "37x-Checkmark@2x.png"; sourceTree = "<group>"; };
		A6BF841A2282637900A66858 /* MBProgressHUD+Add.h */ = {isa = PBXFileReference; fileEncoding = 4; lastKnownFileType = sourcecode.c.h; path = "MBProgressHUD+Add.h"; sourceTree = "<group>"; };
		A6BF841B2282637900A66858 /* MBProgressHUD.bundle */ = {isa = PBXFileReference; lastKnownFileType = "wrapper.plug-in"; path = MBProgressHUD.bundle; sourceTree = "<group>"; };
		A6BF84262282F4C100A66858 /* OrderModelItems.h */ = {isa = PBXFileReference; lastKnownFileType = sourcecode.c.h; path = OrderModelItems.h; sourceTree = "<group>"; };
		A6BF84272282F4C100A66858 /* OrderModelItems.m */ = {isa = PBXFileReference; lastKnownFileType = sourcecode.c.objc; path = OrderModelItems.m; sourceTree = "<group>"; };
		A6BF84292282F4E400A66858 /* OrederSerivce.h */ = {isa = PBXFileReference; lastKnownFileType = sourcecode.c.h; path = OrederSerivce.h; sourceTree = "<group>"; };
		A6BF842A2282F4E400A66858 /* OrederSerivce.m */ = {isa = PBXFileReference; lastKnownFileType = sourcecode.c.objc; path = OrederSerivce.m; sourceTree = "<group>"; };
		A6BF842C2282FE5E00A66858 /* MyWalletVC.h */ = {isa = PBXFileReference; lastKnownFileType = sourcecode.c.h; path = MyWalletVC.h; sourceTree = "<group>"; };
		A6BF842D2282FE5E00A66858 /* MyWalletVC.m */ = {isa = PBXFileReference; lastKnownFileType = sourcecode.c.objc; path = MyWalletVC.m; sourceTree = "<group>"; };
		A6BF842F2282FEAA00A66858 /* WalletHeardView.h */ = {isa = PBXFileReference; lastKnownFileType = sourcecode.c.h; path = WalletHeardView.h; sourceTree = "<group>"; };
		A6BF84302282FEAA00A66858 /* WalletHeardView.m */ = {isa = PBXFileReference; lastKnownFileType = sourcecode.c.objc; path = WalletHeardView.m; sourceTree = "<group>"; };
		A6BF843222830DB200A66858 /* BankCardCell.h */ = {isa = PBXFileReference; lastKnownFileType = sourcecode.c.h; path = BankCardCell.h; sourceTree = "<group>"; };
		A6BF843322830DB200A66858 /* BankCardCell.m */ = {isa = PBXFileReference; lastKnownFileType = sourcecode.c.objc; path = BankCardCell.m; sourceTree = "<group>"; };
		A6BF84352283103700A66858 /* WalletFooterView.h */ = {isa = PBXFileReference; lastKnownFileType = sourcecode.c.h; path = WalletFooterView.h; sourceTree = "<group>"; };
		A6BF84362283103700A66858 /* WalletFooterView.m */ = {isa = PBXFileReference; lastKnownFileType = sourcecode.c.objc; path = WalletFooterView.m; sourceTree = "<group>"; };
		A6BF843F2283235000A66858 /* HomePageSerivce.h */ = {isa = PBXFileReference; fileEncoding = 4; lastKnownFileType = sourcecode.c.h; path = HomePageSerivce.h; sourceTree = "<group>"; };
		A6BF84402283235000A66858 /* UserInfoItems.m */ = {isa = PBXFileReference; fileEncoding = 4; lastKnownFileType = sourcecode.c.objc; path = UserInfoItems.m; sourceTree = "<group>"; };
		A6BF84412283235000A66858 /* WalletItems.m */ = {isa = PBXFileReference; fileEncoding = 4; lastKnownFileType = sourcecode.c.objc; path = WalletItems.m; sourceTree = "<group>"; };
		A6BF84422283235000A66858 /* BankCartItems.m */ = {isa = PBXFileReference; fileEncoding = 4; lastKnownFileType = sourcecode.c.objc; path = BankCartItems.m; sourceTree = "<group>"; };
		A6BF84432283235000A66858 /* HomePageSerivce.m */ = {isa = PBXFileReference; fileEncoding = 4; lastKnownFileType = sourcecode.c.objc; path = HomePageSerivce.m; sourceTree = "<group>"; };
		A6BF84442283235000A66858 /* UserInfoItems.h */ = {isa = PBXFileReference; fileEncoding = 4; lastKnownFileType = sourcecode.c.h; path = UserInfoItems.h; sourceTree = "<group>"; };
		A6BF84452283235000A66858 /* BankCartItems.h */ = {isa = PBXFileReference; fileEncoding = 4; lastKnownFileType = sourcecode.c.h; path = BankCartItems.h; sourceTree = "<group>"; };
		A6BF84462283235000A66858 /* WalletItems.h */ = {isa = PBXFileReference; fileEncoding = 4; lastKnownFileType = sourcecode.c.h; path = WalletItems.h; sourceTree = "<group>"; };
		A6BF844B2283B7F100A66858 /* MySetSerivce.h */ = {isa = PBXFileReference; lastKnownFileType = sourcecode.c.h; path = MySetSerivce.h; sourceTree = "<group>"; };
		A6BF844C2283B7F100A66858 /* MySetSerivce.m */ = {isa = PBXFileReference; lastKnownFileType = sourcecode.c.objc; path = MySetSerivce.m; sourceTree = "<group>"; };
		A6F3CF4322846EDD003E2C41 /* GeneralResultsItems.h */ = {isa = PBXFileReference; lastKnownFileType = sourcecode.c.h; path = GeneralResultsItems.h; sourceTree = "<group>"; };
		A6F3CF4422846EDD003E2C41 /* GeneralResultsItems.m */ = {isa = PBXFileReference; lastKnownFileType = sourcecode.c.objc; path = GeneralResultsItems.m; sourceTree = "<group>"; };
		A6F3CF4622847219003E2C41 /* ReportVC.h */ = {isa = PBXFileReference; lastKnownFileType = sourcecode.c.h; path = ReportVC.h; sourceTree = "<group>"; };
		A6F3CF4722847219003E2C41 /* ReportVC.m */ = {isa = PBXFileReference; lastKnownFileType = sourcecode.c.objc; path = ReportVC.m; sourceTree = "<group>"; };
		A6F3CF4A228472F8003E2C41 /* ReportListVC.h */ = {isa = PBXFileReference; lastKnownFileType = sourcecode.c.h; path = ReportListVC.h; sourceTree = "<group>"; };
		A6F3CF4B228472F8003E2C41 /* ReportListVC.m */ = {isa = PBXFileReference; lastKnownFileType = sourcecode.c.objc; path = ReportListVC.m; sourceTree = "<group>"; };
		A6F3CF4F2284751E003E2C41 /* ReportAmountView.h */ = {isa = PBXFileReference; lastKnownFileType = sourcecode.c.h; path = ReportAmountView.h; sourceTree = "<group>"; };
		A6F3CF502284751E003E2C41 /* ReportAmountView.m */ = {isa = PBXFileReference; lastKnownFileType = sourcecode.c.objc; path = ReportAmountView.m; sourceTree = "<group>"; };
		A6F3CF522284754D003E2C41 /* ReportShopNewsView.h */ = {isa = PBXFileReference; lastKnownFileType = sourcecode.c.h; path = ReportShopNewsView.h; sourceTree = "<group>"; };
		A6F3CF532284754D003E2C41 /* ReportShopNewsView.m */ = {isa = PBXFileReference; lastKnownFileType = sourcecode.c.objc; path = ReportShopNewsView.m; sourceTree = "<group>"; };
		A6F3CF5522847E7C003E2C41 /* ReportItems.h */ = {isa = PBXFileReference; lastKnownFileType = sourcecode.c.h; path = ReportItems.h; sourceTree = "<group>"; };
		A6F3CF5622847E7C003E2C41 /* ReportItems.m */ = {isa = PBXFileReference; lastKnownFileType = sourcecode.c.objc; path = ReportItems.m; sourceTree = "<group>"; };
		B55323B622819E1600293052 /* LoginViewController.h */ = {isa = PBXFileReference; lastKnownFileType = sourcecode.c.h; path = LoginViewController.h; sourceTree = "<group>"; };
		B55323B722819E1600293052 /* LoginViewController.m */ = {isa = PBXFileReference; lastKnownFileType = sourcecode.c.objc; path = LoginViewController.m; sourceTree = "<group>"; };
		B5D924A722829F5300A88BC5 /* StoreInfomationViewController.h */ = {isa = PBXFileReference; lastKnownFileType = sourcecode.c.h; path = StoreInfomationViewController.h; sourceTree = "<group>"; };
		B5D924A822829F5300A88BC5 /* StoreInfomationViewController.m */ = {isa = PBXFileReference; lastKnownFileType = sourcecode.c.objc; path = StoreInfomationViewController.m; sourceTree = "<group>"; };
		B5D924AB2282ACBC00A88BC5 /* StoreInfoTableViewCell.h */ = {isa = PBXFileReference; lastKnownFileType = sourcecode.c.h; path = StoreInfoTableViewCell.h; sourceTree = "<group>"; };
		B5D924AC2282ACBC00A88BC5 /* StoreInfoTableViewCell.m */ = {isa = PBXFileReference; lastKnownFileType = sourcecode.c.objc; path = StoreInfoTableViewCell.m; sourceTree = "<group>"; };
		B5D924AF2282BB4800A88BC5 /* StoreNoticeViewController.h */ = {isa = PBXFileReference; lastKnownFileType = sourcecode.c.h; path = StoreNoticeViewController.h; sourceTree = "<group>"; };
		B5D924B02282BB4800A88BC5 /* StoreNoticeViewController.m */ = {isa = PBXFileReference; lastKnownFileType = sourcecode.c.objc; path = StoreNoticeViewController.m; sourceTree = "<group>"; };
		B5D924B32282BDB000A88BC5 /* StoreNoticeTableViewCell.h */ = {isa = PBXFileReference; lastKnownFileType = sourcecode.c.h; path = StoreNoticeTableViewCell.h; sourceTree = "<group>"; };
		B5D924B42282BDB000A88BC5 /* StoreNoticeTableViewCell.m */ = {isa = PBXFileReference; lastKnownFileType = sourcecode.c.objc; path = StoreNoticeTableViewCell.m; sourceTree = "<group>"; };
		B5D924B62282C84000A88BC5 /* NoticeSectionHeadView.h */ = {isa = PBXFileReference; lastKnownFileType = sourcecode.c.h; path = NoticeSectionHeadView.h; sourceTree = "<group>"; };
		B5D924B72282C84000A88BC5 /* NoticeSectionHeadView.m */ = {isa = PBXFileReference; lastKnownFileType = sourcecode.c.objc; path = NoticeSectionHeadView.m; sourceTree = "<group>"; };
		B5D924BA2283039600A88BC5 /* SettingViewController.h */ = {isa = PBXFileReference; lastKnownFileType = sourcecode.c.h; path = SettingViewController.h; sourceTree = "<group>"; };
		B5D924BB2283039600A88BC5 /* SettingViewController.m */ = {isa = PBXFileReference; lastKnownFileType = sourcecode.c.objc; path = SettingViewController.m; sourceTree = "<group>"; };
		B5D924BE22830D6F00A88BC5 /* AddBlankCardViewController.h */ = {isa = PBXFileReference; lastKnownFileType = sourcecode.c.h; path = AddBlankCardViewController.h; sourceTree = "<group>"; };
		B5D924BF22830D6F00A88BC5 /* AddBlankCardViewController.m */ = {isa = PBXFileReference; lastKnownFileType = sourcecode.c.objc; path = AddBlankCardViewController.m; sourceTree = "<group>"; };
		B5D924C52283228700A88BC5 /* VerificationCodeViewController.h */ = {isa = PBXFileReference; lastKnownFileType = sourcecode.c.h; path = VerificationCodeViewController.h; sourceTree = "<group>"; };
		B5D924C62283228700A88BC5 /* VerificationCodeViewController.m */ = {isa = PBXFileReference; lastKnownFileType = sourcecode.c.objc; path = VerificationCodeViewController.m; sourceTree = "<group>"; };
		D4276A9F9517E17492895CF4 /* Pods-MallShopMerchants.debug.xcconfig */ = {isa = PBXFileReference; includeInIndex = 1; lastKnownFileType = text.xcconfig; name = "Pods-MallShopMerchants.debug.xcconfig"; path = "Target Support Files/Pods-MallShopMerchants/Pods-MallShopMerchants.debug.xcconfig"; sourceTree = "<group>"; };
		E99E332267A6EA0B991154EA /* Pods-MallShopMerchants.release.xcconfig */ = {isa = PBXFileReference; includeInIndex = 1; lastKnownFileType = text.xcconfig; name = "Pods-MallShopMerchants.release.xcconfig"; path = "Target Support Files/Pods-MallShopMerchants/Pods-MallShopMerchants.release.xcconfig"; sourceTree = "<group>"; };
/* End PBXFileReference section */

/* Begin PBXFrameworksBuildPhase section */
		7803E6CC227EC13D0038C5BB /* Frameworks */ = {
			isa = PBXFrameworksBuildPhase;
			buildActionMask = 2147483647;
			files = (
				6EAA3FE95667B4CAD5EEAD41 /* libPods-MallShopMerchants.a in Frameworks */,
			);
			runOnlyForDeploymentPostprocessing = 0;
		};
		7803E6E4227EC13F0038C5BB /* Frameworks */ = {
			isa = PBXFrameworksBuildPhase;
			buildActionMask = 2147483647;
			files = (
			);
			runOnlyForDeploymentPostprocessing = 0;
		};
		7803E6EF227EC13F0038C5BB /* Frameworks */ = {
			isa = PBXFrameworksBuildPhase;
			buildActionMask = 2147483647;
			files = (
			);
			runOnlyForDeploymentPostprocessing = 0;
		};
/* End PBXFrameworksBuildPhase section */

/* Begin PBXGroup section */
		2705C151235C14ED466125EA /* Frameworks */ = {
			isa = PBXGroup;
			children = (
				19E4E9C8EF38D8F602252899 /* libPods-MallShopMerchants.a */,
			);
			name = Frameworks;
			sourceTree = "<group>";
		};
		7803E6C6227EC13D0038C5BB = {
			isa = PBXGroup;
			children = (
				7803E6D1227EC13D0038C5BB /* MallShopMerchants */,
				7803E6EA227EC13F0038C5BB /* MallShopMerchantsTests */,
				7803E6F5227EC13F0038C5BB /* MallShopMerchantsUITests */,
				7803E6D0227EC13D0038C5BB /* Products */,
				EF95F8EA7953584FB4646D5E /* Pods */,
				2705C151235C14ED466125EA /* Frameworks */,
			);
			sourceTree = "<group>";
		};
		7803E6D0227EC13D0038C5BB /* Products */ = {
			isa = PBXGroup;
			children = (
				7803E6CF227EC13D0038C5BB /* MallShopMerchants.app */,
				7803E6E7227EC13F0038C5BB /* MallShopMerchantsTests.xctest */,
				7803E6F2227EC13F0038C5BB /* MallShopMerchantsUITests.xctest */,
			);
			name = Products;
			sourceTree = "<group>";
		};
		7803E6D1227EC13D0038C5BB /* MallShopMerchants */ = {
			isa = PBXGroup;
			children = (
				B55323B522819DF900293052 /* Login */,
				7803E735227EE1B90038C5BB /* Tools */,
				7803E72F227ED5300038C5BB /* ThirdParty */,
				7803E719227ECA660038C5BB /* HomePageModule */,
				7803E71A227ECA660038C5BB /* MyModule */,
				7803E718227ECA660038C5BB /* OrderModule */,
				7803E704227EC4560038C5BB /* BaseClass */,
				7803E6D2227EC13D0038C5BB /* AppDelegate.h */,
				7803E6D3227EC13D0038C5BB /* AppDelegate.m */,
				7803E6D5227EC13D0038C5BB /* ViewController.h */,
				7803E6D6227EC13D0038C5BB /* ViewController.m */,
				7803E6D8227EC13D0038C5BB /* Main.storyboard */,
				7803E6DB227EC13F0038C5BB /* Assets.xcassets */,
				7803E6DD227EC13F0038C5BB /* LaunchScreen.storyboard */,
				7803E6E0227EC13F0038C5BB /* Info.plist */,
				7803E6E1227EC13F0038C5BB /* main.m */,
				7803E72D227ECE4F0038C5BB /* PrefixHeader.pch */,
				7803E72E227ECF860038C5BB /* MallShopMerchantsHeader.h */,
				7803E734227EDD9A0038C5BB /* MallShopMerchantsMacro.h */,
			);
			path = MallShopMerchants;
			sourceTree = "<group>";
		};
		7803E6EA227EC13F0038C5BB /* MallShopMerchantsTests */ = {
			isa = PBXGroup;
			children = (
				7803E6EB227EC13F0038C5BB /* MallShopMerchantsTests.m */,
				7803E6ED227EC13F0038C5BB /* Info.plist */,
			);
			path = MallShopMerchantsTests;
			sourceTree = "<group>";
		};
		7803E6F5227EC13F0038C5BB /* MallShopMerchantsUITests */ = {
			isa = PBXGroup;
			children = (
				7803E6F6227EC13F0038C5BB /* MallShopMerchantsUITests.m */,
				7803E6F8227EC13F0038C5BB /* Info.plist */,
			);
			path = MallShopMerchantsUITests;
			sourceTree = "<group>";
		};
		7803E704227EC4560038C5BB /* BaseClass */ = {
			isa = PBXGroup;
			children = (
				7803E705227EC4BE0038C5BB /* BaseModel */,
				7803E707227EC4BE0038C5BB /* BaseView */,
				7803E706227EC4BE0038C5BB /* BaseViewController */,
			);
			path = BaseClass;
			sourceTree = "<group>";
		};
		7803E705227EC4BE0038C5BB /* BaseModel */ = {
			isa = PBXGroup;
			children = (
				7803E70E227EC5140038C5BB /* BaseModel.h */,
				7803E70F227EC5140038C5BB /* BaseModel.m */,
			);
			path = BaseModel;
			sourceTree = "<group>";
		};
		7803E706227EC4BE0038C5BB /* BaseViewController */ = {
			isa = PBXGroup;
			children = (
				7803E708227EC4ED0038C5BB /* BaseViewController.h */,
				7803E709227EC4ED0038C5BB /* BaseViewController.m */,
				7803E712227EC8040038C5BB /* MallShopMerchantsNC.h */,
				7803E713227EC8040038C5BB /* MallShopMerchantsNC.m */,
				7803E715227EC85B0038C5BB /* MallShopTabBarController.h */,
				7803E716227EC85B0038C5BB /* MallShopTabBarController.m */,
			);
			path = BaseViewController;
			sourceTree = "<group>";
		};
		7803E707227EC4BE0038C5BB /* BaseView */ = {
			isa = PBXGroup;
			children = (
				7803E70B227EC5040038C5BB /* BaseView.h */,
				7803E70C227EC5040038C5BB /* BaseView.m */,
			);
			path = BaseView;
			sourceTree = "<group>";
		};
		7803E718227ECA660038C5BB /* OrderModule */ = {
			isa = PBXGroup;
			children = (
				7803E721227ECAC00038C5BB /* Model */,
				7803E722227ECAC00038C5BB /* View */,
				7803E723227ECAC00038C5BB /* ViewController */,
			);
			path = OrderModule;
			sourceTree = "<group>";
		};
		7803E719227ECA660038C5BB /* HomePageModule */ = {
			isa = PBXGroup;
			children = (
				A6BF843E2283235000A66858 /* Model */,
				7803E71B227ECAB00038C5BB /* View */,
				7803E71D227ECAB10038C5BB /* ViewController */,
			);
			path = HomePageModule;
			sourceTree = "<group>";
		};
		7803E71A227ECA660038C5BB /* MyModule */ = {
			isa = PBXGroup;
			children = (
				7803E71E227ECAB90038C5BB /* Model */,
				7803E720227ECAB90038C5BB /* View */,
				7803E71F227ECAB90038C5BB /* ViewController */,
			);
			path = MyModule;
			sourceTree = "<group>";
		};
		7803E71B227ECAB00038C5BB /* View */ = {
			isa = PBXGroup;
			children = (
				A6F3CF4E228474D4003E2C41 /* BlankCard */,
				A6F3CF4D228474BE003E2C41 /* Report */,
				7803E73C228027EE0038C5BB /* HomePageShopManageCell.h */,
				7803E73D228027EE0038C5BB /* HomePageShopManageCell.m */,
			);
			path = View;
			sourceTree = "<group>";
		};
		7803E71D227ECAB10038C5BB /* ViewController */ = {
			isa = PBXGroup;
			children = (
				A6F3CF4922847232003E2C41 /* Report */,
				B5D924BD22830D4800A88BC5 /* BlankCard */,
				7803E724227ECB150038C5BB /* HomePageVC.h */,
				7803E725227ECB150038C5BB /* HomePageVC.m */,
			);
			path = ViewController;
			sourceTree = "<group>";
		};
		7803E71E227ECAB90038C5BB /* Model */ = {
			isa = PBXGroup;
			children = (
				7803E75B22817D570038C5BB /* MyItemModel.h */,
				7803E75C22817D570038C5BB /* MyItemModel.m */,
				A6BF844B2283B7F100A66858 /* MySetSerivce.h */,
				A6BF844C2283B7F100A66858 /* MySetSerivce.m */,
			);
			path = Model;
			sourceTree = "<group>";
		};
		7803E71F227ECAB90038C5BB /* ViewController */ = {
			isa = PBXGroup;
			children = (
				B5D924A622829F1A00A88BC5 /* StoreInfomation */,
				B5D924AE2282BAFC00A88BC5 /* StoreNotice */,
				B5D924B92283037300A88BC5 /* SettingViewController */,
				7803E727227ECB710038C5BB /* MyVC.h */,
				7803E728227ECB710038C5BB /* MyVC.m */,
			);
			path = ViewController;
			sourceTree = "<group>";
		};
		7803E720227ECAB90038C5BB /* View */ = {
			isa = PBXGroup;
			children = (
				7803E75822817AC70038C5BB /* MyItemCell.h */,
				7803E75922817AC70038C5BB /* MyItemCell.m */,
			);
			path = View;
			sourceTree = "<group>";
		};
		7803E721227ECAC00038C5BB /* Model */ = {
			isa = PBXGroup;
			children = (
				A6BF84262282F4C100A66858 /* OrderModelItems.h */,
				A6BF84272282F4C100A66858 /* OrderModelItems.m */,
				A6BF84292282F4E400A66858 /* OrederSerivce.h */,
				A6BF842A2282F4E400A66858 /* OrederSerivce.m */,
			);
			path = Model;
			sourceTree = "<group>";
		};
		7803E722227ECAC00038C5BB /* View */ = {
			isa = PBXGroup;
			children = (
				7803E74F228138430038C5BB /* OrderOptionView.h */,
				7803E750228138430038C5BB /* OrderOptionView.m */,
				7803E7522281613E0038C5BB /* OrderStatusCell.h */,
				7803E7532281613E0038C5BB /* OrderStatusCell.m */,
			);
			path = View;
			sourceTree = "<group>";
		};
		7803E723227ECAC00038C5BB /* ViewController */ = {
			isa = PBXGroup;
			children = (
				7803E72A227ECB820038C5BB /* OrderVC.h */,
				7803E72B227ECB820038C5BB /* OrderVC.m */,
				7803E740228056490038C5BB /* SearchVC.h */,
				7803E741228056490038C5BB /* SearchVC.m */,
				7803E743228136100038C5BB /* PaymentHasBeenVC.h */,
				7803E744228136100038C5BB /* PaymentHasBeenVC.m */,
			);
			path = ViewController;
			sourceTree = "<group>";
		};
		7803E72F227ED5300038C5BB /* ThirdParty */ = {
			isa = PBXGroup;
			children = (
				A6BF84162282637900A66858 /* MBProgressHUD */,
				A6BF83F02281DAC800A66858 /* Http */,
				A6BF83EC2281D95D00A66858 /* LCVerificationTool */,
				A6BF83E52281D8FE00A66858 /* JKSafeAccess */,
				7803E730227EDCBE0038C5BB /* UIColor+HexString */,
			);
			path = ThirdParty;
			sourceTree = "<group>";
		};
		7803E730227EDCBE0038C5BB /* UIColor+HexString */ = {
			isa = PBXGroup;
			children = (
				7803E731227EDCBE0038C5BB /* UIColor+HexString.h */,
				7803E732227EDCBE0038C5BB /* UIColor+HexString.m */,
			);
			path = "UIColor+HexString";
			sourceTree = "<group>";
		};
		7803E735227EE1B90038C5BB /* Tools */ = {
			isa = PBXGroup;
			children = (
				7803E736227EE24D0038C5BB /* ComponentTools.h */,
				7803E737227EE24D0038C5BB /* ComponentTools.m */,
			);
			path = Tools;
			sourceTree = "<group>";
		};
		A6BF83AF2281CE0200A66858 /* View */ = {
			isa = PBXGroup;
			children = (
				A6BF83B12281CE0200A66858 /* LoginIconView.h */,
				A6BF83B32281CE0200A66858 /* LoginIconView.m */,
				A6BF83B02281CE0200A66858 /* LoginTexView.h */,
				A6BF83B22281CE0200A66858 /* LoginTexView.m */,
			);
			path = View;
			sourceTree = "<group>";
		};
		A6BF83E52281D8FE00A66858 /* JKSafeAccess */ = {
			isa = PBXGroup;
			children = (
				A6BF83E82281D8FE00A66858 /* NSArray+JKSafeAccess.h */,
				A6BF83E62281D8FE00A66858 /* NSArray+JKSafeAccess.m */,
				A6BF83E92281D8FE00A66858 /* NSDictionary+JKSafeAccess.h */,
				A6BF83E72281D8FE00A66858 /* NSDictionary+JKSafeAccess.m */,
			);
			path = JKSafeAccess;
			sourceTree = "<group>";
		};
		A6BF83EC2281D95D00A66858 /* LCVerificationTool */ = {
			isa = PBXGroup;
			children = (
				A6BF83ED2281D95D00A66858 /* NSString+VericationTool.h */,
				A6BF83EE2281D95D00A66858 /* NSString+VericationTool.m */,
			);
			path = LCVerificationTool;
			sourceTree = "<group>";
		};
		A6BF83F02281DAC800A66858 /* Http */ = {
			isa = PBXGroup;
			children = (
				A6BF84022281DAC800A66858 /* Account */,
				A6BF83FE2281DAC800A66858 /* Api */,
				A6BF83F22281DAC800A66858 /* Cache */,
				A6BF83FB2281DAC800A66858 /* JSONTool */,
				A6BF83F62281DAC800A66858 /* LCVerificationTool */,
				A6BF83F12281DAC800A66858 /* NetworkingManager.h */,
				A6BF83FA2281DAC800A66858 /* NetworkingManager.m */,
				A6BF83F52281DAC800A66858 /* ProcessingHandler.h */,
				A6BF84062281DAC800A66858 /* ProcessingHandler.m */,
				A6BF83F92281DAC800A66858 /* ServiceBaseUrlTool.h */,
				A6BF84052281DAC800A66858 /* ServiceBaseUrlTool.m */,
			);
			path = Http;
			sourceTree = "<group>";
		};
		A6BF83F22281DAC800A66858 /* Cache */ = {
			isa = PBXGroup;
			children = (
				A6BF83F42281DAC800A66858 /* LCCache.h */,
				A6BF83F32281DAC800A66858 /* LCCache.m */,
			);
			path = Cache;
			sourceTree = "<group>";
		};
		A6BF83F62281DAC800A66858 /* LCVerificationTool */ = {
			isa = PBXGroup;
			children = (
				A6BF83F72281DAC800A66858 /* NSString+VericationTool.h */,
				A6BF83F82281DAC800A66858 /* NSString+VericationTool.m */,
			);
			path = LCVerificationTool;
			sourceTree = "<group>";
		};
		A6BF83FB2281DAC800A66858 /* JSONTool */ = {
			isa = PBXGroup;
			children = (
				A6BF83FC2281DAC800A66858 /* NSObject+JSONTool.h */,
				A6BF83FD2281DAC800A66858 /* NSObject+JSONTool.m */,
			);
			path = JSONTool;
			sourceTree = "<group>";
		};
		A6BF83FE2281DAC800A66858 /* Api */ = {
			isa = PBXGroup;
			children = (
				A6BF83FF2281DAC800A66858 /* common */,
			);
			path = Api;
			sourceTree = "<group>";
		};
		A6BF83FF2281DAC800A66858 /* common */ = {
			isa = PBXGroup;
			children = (
				A6BF84012281DAC800A66858 /* TimeClock.h */,
				A6BF84002281DAC800A66858 /* TimeClock.m */,
			);
			path = common;
			sourceTree = "<group>";
		};
		A6BF84022281DAC800A66858 /* Account */ = {
			isa = PBXGroup;
			children = (
				A6BF84042281DAC800A66858 /* LCAccount.h */,
				A6BF84032281DAC800A66858 /* LCAccount.m */,
			);
			path = Account;
			sourceTree = "<group>";
		};
		A6BF840F22825E0500A66858 /* Model */ = {
			isa = PBXGroup;
			children = (
				A6BF841022825EB500A66858 /* LoginService.h */,
				A6BF841122825EB500A66858 /* LoginService.m */,
				A6BF8413228260C400A66858 /* LoginModelItems.h */,
				A6BF8414228260C400A66858 /* LoginModelItems.m */,
			);
			path = Model;
			sourceTree = "<group>";
		};
		A6BF84162282637900A66858 /* MBProgressHUD */ = {
			isa = PBXGroup;
			children = (
				A6BF84172282637900A66858 /* 37x-Checkmark.png */,
				A6BF84192282637900A66858 /* 37x-Checkmark@2x.png */,
				A6BF841B2282637900A66858 /* MBProgressHUD.bundle */,
				A6BF841A2282637900A66858 /* MBProgressHUD+Add.h */,
				A6BF84182282637900A66858 /* MBProgressHUD+Add.m */,
			);
			path = MBProgressHUD;
			sourceTree = "<group>";
		};
		A6BF843E2283235000A66858 /* Model */ = {
			isa = PBXGroup;
			children = (
				A6BF84452283235000A66858 /* BankCartItems.h */,
				A6BF84422283235000A66858 /* BankCartItems.m */,
				A6BF843F2283235000A66858 /* HomePageSerivce.h */,
				A6BF84432283235000A66858 /* HomePageSerivce.m */,
				A6BF84442283235000A66858 /* UserInfoItems.h */,
				A6BF84402283235000A66858 /* UserInfoItems.m */,
				A6BF84462283235000A66858 /* WalletItems.h */,
				A6BF84412283235000A66858 /* WalletItems.m */,
				A6F3CF4322846EDD003E2C41 /* GeneralResultsItems.h */,
				A6F3CF4422846EDD003E2C41 /* GeneralResultsItems.m */,
				A6F3CF5522847E7C003E2C41 /* ReportItems.h */,
				A6F3CF5622847E7C003E2C41 /* ReportItems.m */,
			);
			path = Model;
			sourceTree = "<group>";
		};
		A6F3CF4922847232003E2C41 /* Report */ = {
			isa = PBXGroup;
			children = (
				A6F3CF4622847219003E2C41 /* ReportVC.h */,
				A6F3CF4722847219003E2C41 /* ReportVC.m */,
				A6F3CF4A228472F8003E2C41 /* ReportListVC.h */,
				A6F3CF4B228472F8003E2C41 /* ReportListVC.m */,
			);
			path = Report;
			sourceTree = "<group>";
		};
		A6F3CF4D228474BE003E2C41 /* Report */ = {
			isa = PBXGroup;
			children = (
				A6F3CF4F2284751E003E2C41 /* ReportAmountView.h */,
				A6F3CF502284751E003E2C41 /* ReportAmountView.m */,
				A6F3CF522284754D003E2C41 /* ReportShopNewsView.h */,
				A6F3CF532284754D003E2C41 /* ReportShopNewsView.m */,
			);
			path = Report;
			sourceTree = "<group>";
		};
		A6F3CF4E228474D4003E2C41 /* BlankCard */ = {
			isa = PBXGroup;
			children = (
				A6BF842F2282FEAA00A66858 /* WalletHeardView.h */,
				A6BF84302282FEAA00A66858 /* WalletHeardView.m */,
				A6BF843222830DB200A66858 /* BankCardCell.h */,
				A6BF843322830DB200A66858 /* BankCardCell.m */,
				A6BF84352283103700A66858 /* WalletFooterView.h */,
				A6BF84362283103700A66858 /* WalletFooterView.m */,
			);
			path = BlankCard;
			sourceTree = "<group>";
		};
		B55323B522819DF900293052 /* Login */ = {
			isa = PBXGroup;
			children = (
				A6BF840F22825E0500A66858 /* Model */,
				A6BF83AF2281CE0200A66858 /* View */,
				B55323B622819E1600293052 /* LoginViewController.h */,
				B55323B722819E1600293052 /* LoginViewController.m */,
			);
			path = Login;
			sourceTree = "<group>";
		};
		B5D924A622829F1A00A88BC5 /* StoreInfomation */ = {
			isa = PBXGroup;
			children = (
				B5D924AA2282AC9000A88BC5 /* View */,
				B5D924A722829F5300A88BC5 /* StoreInfomationViewController.h */,
				B5D924A822829F5300A88BC5 /* StoreInfomationViewController.m */,
			);
			path = StoreInfomation;
			sourceTree = "<group>";
		};
		B5D924AA2282AC9000A88BC5 /* View */ = {
			isa = PBXGroup;
			children = (
				B5D924AB2282ACBC00A88BC5 /* StoreInfoTableViewCell.h */,
				B5D924AC2282ACBC00A88BC5 /* StoreInfoTableViewCell.m */,
			);
			path = View;
			sourceTree = "<group>";
		};
		B5D924AE2282BAFC00A88BC5 /* StoreNotice */ = {
			isa = PBXGroup;
			children = (
				B5D924B22282BD6000A88BC5 /* View */,
				B5D924AF2282BB4800A88BC5 /* StoreNoticeViewController.h */,
				B5D924B02282BB4800A88BC5 /* StoreNoticeViewController.m */,
			);
			path = StoreNotice;
			sourceTree = "<group>";
		};
		B5D924B22282BD6000A88BC5 /* View */ = {
			isa = PBXGroup;
			children = (
				B5D924B32282BDB000A88BC5 /* StoreNoticeTableViewCell.h */,
				B5D924B42282BDB000A88BC5 /* StoreNoticeTableViewCell.m */,
				B5D924B62282C84000A88BC5 /* NoticeSectionHeadView.h */,
				B5D924B72282C84000A88BC5 /* NoticeSectionHeadView.m */,
			);
			path = View;
			sourceTree = "<group>";
		};
		B5D924B92283037300A88BC5 /* SettingViewController */ = {
			isa = PBXGroup;
			children = (
				B5D924BA2283039600A88BC5 /* SettingViewController.h */,
				B5D924BB2283039600A88BC5 /* SettingViewController.m */,
			);
			path = SettingViewController;
			sourceTree = "<group>";
		};
		B5D924BD22830D4800A88BC5 /* BlankCard */ = {
			isa = PBXGroup;
			children = (
				A6BF842C2282FE5E00A66858 /* MyWalletVC.h */,
				A6BF842D2282FE5E00A66858 /* MyWalletVC.m */,
				B5D924BE22830D6F00A88BC5 /* AddBlankCardViewController.h */,
				B5D924BF22830D6F00A88BC5 /* AddBlankCardViewController.m */,
				B5D924C52283228700A88BC5 /* VerificationCodeViewController.h */,
				B5D924C62283228700A88BC5 /* VerificationCodeViewController.m */,
			);
			path = BlankCard;
			sourceTree = "<group>";
		};
		EF95F8EA7953584FB4646D5E /* Pods */ = {
			isa = PBXGroup;
			children = (
				D4276A9F9517E17492895CF4 /* Pods-MallShopMerchants.debug.xcconfig */,
				E99E332267A6EA0B991154EA /* Pods-MallShopMerchants.release.xcconfig */,
				2A536CA15DB61F8755C075D5 /* Pods-MallShopMerchants.debug.xcconfig */,
				A089EA6250334994F39488BC /* Pods-MallShopMerchants.release.xcconfig */,
			);
			path = Pods;
			sourceTree = "<group>";
		};
/* End PBXGroup section */

/* Begin PBXNativeTarget section */
		7803E6CE227EC13D0038C5BB /* MallShopMerchants */ = {
			isa = PBXNativeTarget;
			buildConfigurationList = 7803E6FB227EC13F0038C5BB /* Build configuration list for PBXNativeTarget "MallShopMerchants" */;
			buildPhases = (
				6CDFE1A078615C2CECA2C73D /* [CP] Check Pods Manifest.lock */,
				7803E6CB227EC13D0038C5BB /* Sources */,
				7803E6CC227EC13D0038C5BB /* Frameworks */,
				7803E6CD227EC13D0038C5BB /* Resources */,
				262B2AE62509DAAF9F6B67FD /* [CP] Copy Pods Resources */,
			);
			buildRules = (
			);
			dependencies = (
			);
			name = MallShopMerchants;
			productName = MallShopMerchants;
			productReference = 7803E6CF227EC13D0038C5BB /* MallShopMerchants.app */;
			productType = "com.apple.product-type.application";
		};
		7803E6E6227EC13F0038C5BB /* MallShopMerchantsTests */ = {
			isa = PBXNativeTarget;
			buildConfigurationList = 7803E6FE227EC13F0038C5BB /* Build configuration list for PBXNativeTarget "MallShopMerchantsTests" */;
			buildPhases = (
				7803E6E3227EC13F0038C5BB /* Sources */,
				7803E6E4227EC13F0038C5BB /* Frameworks */,
				7803E6E5227EC13F0038C5BB /* Resources */,
			);
			buildRules = (
			);
			dependencies = (
				7803E6E9227EC13F0038C5BB /* PBXTargetDependency */,
			);
			name = MallShopMerchantsTests;
			productName = MallShopMerchantsTests;
			productReference = 7803E6E7227EC13F0038C5BB /* MallShopMerchantsTests.xctest */;
			productType = "com.apple.product-type.bundle.unit-test";
		};
		7803E6F1227EC13F0038C5BB /* MallShopMerchantsUITests */ = {
			isa = PBXNativeTarget;
			buildConfigurationList = 7803E701227EC13F0038C5BB /* Build configuration list for PBXNativeTarget "MallShopMerchantsUITests" */;
			buildPhases = (
				7803E6EE227EC13F0038C5BB /* Sources */,
				7803E6EF227EC13F0038C5BB /* Frameworks */,
				7803E6F0227EC13F0038C5BB /* Resources */,
			);
			buildRules = (
			);
			dependencies = (
				7803E6F4227EC13F0038C5BB /* PBXTargetDependency */,
			);
			name = MallShopMerchantsUITests;
			productName = MallShopMerchantsUITests;
			productReference = 7803E6F2227EC13F0038C5BB /* MallShopMerchantsUITests.xctest */;
			productType = "com.apple.product-type.bundle.ui-testing";
		};
/* End PBXNativeTarget section */

/* Begin PBXProject section */
		7803E6C7227EC13D0038C5BB /* Project object */ = {
			isa = PBXProject;
			attributes = {
				LastUpgradeCheck = 1010;
				ORGANIZATIONNAME = yezhongzheng;
				TargetAttributes = {
					7803E6CE227EC13D0038C5BB = {
						CreatedOnToolsVersion = 10.1;
					};
					7803E6E6227EC13F0038C5BB = {
						CreatedOnToolsVersion = 10.1;
						TestTargetID = 7803E6CE227EC13D0038C5BB;
					};
					7803E6F1227EC13F0038C5BB = {
						CreatedOnToolsVersion = 10.1;
						TestTargetID = 7803E6CE227EC13D0038C5BB;
					};
				};
			};
			buildConfigurationList = 7803E6CA227EC13D0038C5BB /* Build configuration list for PBXProject "MallShopMerchants" */;
			compatibilityVersion = "Xcode 9.3";
			developmentRegion = en;
			hasScannedForEncodings = 0;
			knownRegions = (
				en,
				Base,
				"zh-Hans",
			);
			mainGroup = 7803E6C6227EC13D0038C5BB;
			productRefGroup = 7803E6D0227EC13D0038C5BB /* Products */;
			projectDirPath = "";
			projectRoot = "";
			targets = (
				7803E6CE227EC13D0038C5BB /* MallShopMerchants */,
				7803E6E6227EC13F0038C5BB /* MallShopMerchantsTests */,
				7803E6F1227EC13F0038C5BB /* MallShopMerchantsUITests */,
			);
		};
/* End PBXProject section */

/* Begin PBXResourcesBuildPhase section */
		7803E6CD227EC13D0038C5BB /* Resources */ = {
			isa = PBXResourcesBuildPhase;
			buildActionMask = 2147483647;
			files = (
				A6BF841C2282637900A66858 /* 37x-Checkmark.png in Resources */,
				7803E6DF227EC13F0038C5BB /* LaunchScreen.storyboard in Resources */,
				7803E6DC227EC13F0038C5BB /* Assets.xcassets in Resources */,
				A6BF841E2282637900A66858 /* 37x-Checkmark@2x.png in Resources */,
				7803E6DA227EC13D0038C5BB /* Main.storyboard in Resources */,
				A6BF841F2282637900A66858 /* MBProgressHUD.bundle in Resources */,
			);
			runOnlyForDeploymentPostprocessing = 0;
		};
		7803E6E5227EC13F0038C5BB /* Resources */ = {
			isa = PBXResourcesBuildPhase;
			buildActionMask = 2147483647;
			files = (
			);
			runOnlyForDeploymentPostprocessing = 0;
		};
		7803E6F0227EC13F0038C5BB /* Resources */ = {
			isa = PBXResourcesBuildPhase;
			buildActionMask = 2147483647;
			files = (
			);
			runOnlyForDeploymentPostprocessing = 0;
		};
/* End PBXResourcesBuildPhase section */

/* Begin PBXShellScriptBuildPhase section */
		262B2AE62509DAAF9F6B67FD /* [CP] Copy Pods Resources */ = {
			isa = PBXShellScriptBuildPhase;
			buildActionMask = 2147483647;
			files = (
			);
			inputPaths = (
				"${SRCROOT}/Pods/Target Support Files/Pods-MallShopMerchants/Pods-MallShopMerchants-resources.sh",
				"${PODS_ROOT}/IQKeyboardManager/IQKeyboardManager/Resources/IQKeyboardManager.bundle",
				"${PODS_ROOT}/MJRefresh/MJRefresh/MJRefresh.bundle",
			);
			name = "[CP] Copy Pods Resources";
			outputPaths = (
				"${TARGET_BUILD_DIR}/${UNLOCALIZED_RESOURCES_FOLDER_PATH}/IQKeyboardManager.bundle",
				"${TARGET_BUILD_DIR}/${UNLOCALIZED_RESOURCES_FOLDER_PATH}/MJRefresh.bundle",
			);
			runOnlyForDeploymentPostprocessing = 0;
			shellPath = /bin/sh;
			shellScript = "\"${SRCROOT}/Pods/Target Support Files/Pods-MallShopMerchants/Pods-MallShopMerchants-resources.sh\"\n";
			showEnvVarsInLog = 0;
		};
		6CDFE1A078615C2CECA2C73D /* [CP] Check Pods Manifest.lock */ = {
			isa = PBXShellScriptBuildPhase;
			buildActionMask = 2147483647;
			files = (
			);
			inputPaths = (
				"${PODS_PODFILE_DIR_PATH}/Podfile.lock",
				"${PODS_ROOT}/Manifest.lock",
			);
			name = "[CP] Check Pods Manifest.lock";
			outputPaths = (
				"$(DERIVED_FILE_DIR)/Pods-MallShopMerchants-checkManifestLockResult.txt",
			);
			runOnlyForDeploymentPostprocessing = 0;
			shellPath = /bin/sh;
			shellScript = "diff \"${PODS_PODFILE_DIR_PATH}/Podfile.lock\" \"${PODS_ROOT}/Manifest.lock\" > /dev/null\nif [ $? != 0 ] ; then\n    # print error to STDERR\n    echo \"error: The sandbox is not in sync with the Podfile.lock. Run 'pod install' or update your CocoaPods installation.\" >&2\n    exit 1\nfi\n# This output is used by Xcode 'outputs' to avoid re-running this script phase.\necho \"SUCCESS\" > \"${SCRIPT_OUTPUT_FILE_0}\"\n";
			showEnvVarsInLog = 0;
		};
/* End PBXShellScriptBuildPhase section */

/* Begin PBXSourcesBuildPhase section */
		7803E6CB227EC13D0038C5BB /* Sources */ = {
			isa = PBXSourcesBuildPhase;
			buildActionMask = 2147483647;
			files = (
				7803E73F228029210038C5BB /* HomePageShopManageCell.m in Sources */,
				A6BF83B52281CE0200A66858 /* LoginIconView.m in Sources */,
				A6BF84092281DAC800A66858 /* NetworkingManager.m in Sources */,
				A6BF840A2281DAC800A66858 /* NSObject+JSONTool.m in Sources */,
				A6BF844D2283B7F100A66858 /* MySetSerivce.m in Sources */,
				B55323B822819E1600293052 /* LoginViewController.m in Sources */,
				7803E729227ECB710038C5BB /* MyVC.m in Sources */,
				A6BF840D2281DAC800A66858 /* ServiceBaseUrlTool.m in Sources */,
				A6BF840C2281DAC800A66858 /* LCAccount.m in Sources */,
				7803E738227EE24D0038C5BB /* ComponentTools.m in Sources */,
				B5D924BC2283039600A88BC5 /* SettingViewController.m in Sources */,
				A6BF840B2281DAC800A66858 /* TimeClock.m in Sources */,
				7803E72C227ECB820038C5BB /* OrderVC.m in Sources */,
				7803E710227EC5140038C5BB /* BaseModel.m in Sources */,
				A6BF84082281DAC800A66858 /* NSString+VericationTool.m in Sources */,
				7803E6D7227EC13D0038C5BB /* ViewController.m in Sources */,
				A6F3CF5722847E7C003E2C41 /* ReportItems.m in Sources */,
				A6BF842B2282F4E400A66858 /* OrederSerivce.m in Sources */,
				A6BF841222825EB500A66858 /* LoginService.m in Sources */,
				7803E6E2227EC13F0038C5BB /* main.m in Sources */,
				A6BF842E2282FE5E00A66858 /* MyWalletVC.m in Sources */,
				A6BF83B42281CE0200A66858 /* LoginTexView.m in Sources */,
				B5D924AD2282ACBC00A88BC5 /* StoreInfoTableViewCell.m in Sources */,
				B5D924B12282BB4800A88BC5 /* StoreNoticeViewController.m in Sources */,
				7803E751228138430038C5BB /* OrderOptionView.m in Sources */,
				B5D924B82282C84000A88BC5 /* NoticeSectionHeadView.m in Sources */,
				7803E714227EC8040038C5BB /* MallShopMerchantsNC.m in Sources */,
				7803E733227EDCBE0038C5BB /* UIColor+HexString.m in Sources */,
				A6BF84372283103700A66858 /* WalletFooterView.m in Sources */,
				A6BF83EF2281D95E00A66858 /* NSString+VericationTool.m in Sources */,
				A6BF84492283235000A66858 /* BankCartItems.m in Sources */,
				A6BF841D2282637900A66858 /* MBProgressHUD+Add.m in Sources */,
				A6BF8415228260C400A66858 /* LoginModelItems.m in Sources */,
				7803E70D227EC5040038C5BB /* BaseView.m in Sources */,
				A6BF84472283235000A66858 /* UserInfoItems.m in Sources */,
				7803E745228136100038C5BB /* PaymentHasBeenVC.m in Sources */,
				B5D924C022830D6F00A88BC5 /* AddBlankCardViewController.m in Sources */,
				7803E726227ECB150038C5BB /* HomePageVC.m in Sources */,
				7803E7542281613E0038C5BB /* OrderStatusCell.m in Sources */,
				A6BF84072281DAC800A66858 /* LCCache.m in Sources */,
				A6F3CF4522846EDD003E2C41 /* GeneralResultsItems.m in Sources */,
				7803E717227EC85B0038C5BB /* MallShopTabBarController.m in Sources */,
				A6BF840E2281DAC800A66858 /* ProcessingHandler.m in Sources */,
				7803E6D4227EC13D0038C5BB /* AppDelegate.m in Sources */,
				B5D924C72283228700A88BC5 /* VerificationCodeViewController.m in Sources */,
				A6F3CF512284751E003E2C41 /* ReportAmountView.m in Sources */,
				7803E742228056490038C5BB /* SearchVC.m in Sources */,
				7803E75A22817AC70038C5BB /* MyItemCell.m in Sources */,
				A6F3CF542284754D003E2C41 /* ReportShopNewsView.m in Sources */,
				A6F3CF4822847219003E2C41 /* ReportVC.m in Sources */,
				A6BF84312282FEAA00A66858 /* WalletHeardView.m in Sources */,
				A6BF83EB2281D8FE00A66858 /* NSDictionary+JKSafeAccess.m in Sources */,
				B5D924B52282BDB000A88BC5 /* StoreNoticeTableViewCell.m in Sources */,
				7803E75D22817D570038C5BB /* MyItemModel.m in Sources */,
				A6BF83EA2281D8FE00A66858 /* NSArray+JKSafeAccess.m in Sources */,
				B5D924A922829F5300A88BC5 /* StoreInfomationViewController.m in Sources */,
				A6F3CF4C228472F8003E2C41 /* ReportListVC.m in Sources */,
				7803E70A227EC4ED0038C5BB /* BaseViewController.m in Sources */,
				A6BF84282282F4C100A66858 /* OrderModelItems.m in Sources */,
				A6BF843422830DB200A66858 /* BankCardCell.m in Sources */,
				A6BF84482283235000A66858 /* WalletItems.m in Sources */,
				A6BF844A2283235000A66858 /* HomePageSerivce.m in Sources */,
			);
			runOnlyForDeploymentPostprocessing = 0;
		};
		7803E6E3227EC13F0038C5BB /* Sources */ = {
			isa = PBXSourcesBuildPhase;
			buildActionMask = 2147483647;
			files = (
				7803E6EC227EC13F0038C5BB /* MallShopMerchantsTests.m in Sources */,
			);
			runOnlyForDeploymentPostprocessing = 0;
		};
		7803E6EE227EC13F0038C5BB /* Sources */ = {
			isa = PBXSourcesBuildPhase;
			buildActionMask = 2147483647;
			files = (
				7803E6F7227EC13F0038C5BB /* MallShopMerchantsUITests.m in Sources */,
			);
			runOnlyForDeploymentPostprocessing = 0;
		};
/* End PBXSourcesBuildPhase section */

/* Begin PBXTargetDependency section */
		7803E6E9227EC13F0038C5BB /* PBXTargetDependency */ = {
			isa = PBXTargetDependency;
			target = 7803E6CE227EC13D0038C5BB /* MallShopMerchants */;
			targetProxy = 7803E6E8227EC13F0038C5BB /* PBXContainerItemProxy */;
		};
		7803E6F4227EC13F0038C5BB /* PBXTargetDependency */ = {
			isa = PBXTargetDependency;
			target = 7803E6CE227EC13D0038C5BB /* MallShopMerchants */;
			targetProxy = 7803E6F3227EC13F0038C5BB /* PBXContainerItemProxy */;
		};
/* End PBXTargetDependency section */

/* Begin PBXVariantGroup section */
		7803E6D8227EC13D0038C5BB /* Main.storyboard */ = {
			isa = PBXVariantGroup;
			children = (
				7803E6D9227EC13D0038C5BB /* Base */,
				A6BF83E32281D82500A66858 /* zh-Hans */,
			);
			name = Main.storyboard;
			sourceTree = "<group>";
		};
		7803E6DD227EC13F0038C5BB /* LaunchScreen.storyboard */ = {
			isa = PBXVariantGroup;
			children = (
				7803E6DE227EC13F0038C5BB /* Base */,
				A6BF83E42281D82500A66858 /* zh-Hans */,
			);
			name = LaunchScreen.storyboard;
			sourceTree = "<group>";
		};
/* End PBXVariantGroup section */

/* Begin XCBuildConfiguration section */
		7803E6F9227EC13F0038C5BB /* Debug */ = {
			isa = XCBuildConfiguration;
			buildSettings = {
				ALWAYS_SEARCH_USER_PATHS = NO;
				CLANG_ANALYZER_LOCALIZABILITY_NONLOCALIZED = YES;
				CLANG_ANALYZER_NONNULL = YES;
				CLANG_ANALYZER_NUMBER_OBJECT_CONVERSION = YES_AGGRESSIVE;
				CLANG_CXX_LANGUAGE_STANDARD = "gnu++14";
				CLANG_CXX_LIBRARY = "libc++";
				CLANG_ENABLE_MODULES = YES;
				CLANG_ENABLE_OBJC_ARC = YES;
				CLANG_ENABLE_OBJC_WEAK = YES;
				CLANG_WARN_BLOCK_CAPTURE_AUTORELEASING = YES;
				CLANG_WARN_BOOL_CONVERSION = YES;
				CLANG_WARN_COMMA = YES;
				CLANG_WARN_CONSTANT_CONVERSION = YES;
				CLANG_WARN_DEPRECATED_OBJC_IMPLEMENTATIONS = YES;
				CLANG_WARN_DIRECT_OBJC_ISA_USAGE = YES_ERROR;
				CLANG_WARN_DOCUMENTATION_COMMENTS = YES;
				CLANG_WARN_EMPTY_BODY = YES;
				CLANG_WARN_ENUM_CONVERSION = YES;
				CLANG_WARN_INFINITE_RECURSION = YES;
				CLANG_WARN_INT_CONVERSION = YES;
				CLANG_WARN_NON_LITERAL_NULL_CONVERSION = YES;
				CLANG_WARN_OBJC_IMPLICIT_RETAIN_SELF = YES;
				CLANG_WARN_OBJC_LITERAL_CONVERSION = YES;
				CLANG_WARN_OBJC_ROOT_CLASS = YES_ERROR;
				CLANG_WARN_RANGE_LOOP_ANALYSIS = YES;
				CLANG_WARN_STRICT_PROTOTYPES = YES;
				CLANG_WARN_SUSPICIOUS_MOVE = YES;
				CLANG_WARN_UNGUARDED_AVAILABILITY = YES_AGGRESSIVE;
				CLANG_WARN_UNREACHABLE_CODE = YES;
				CLANG_WARN__DUPLICATE_METHOD_MATCH = YES;
				CODE_SIGN_IDENTITY = "iPhone Developer";
				COPY_PHASE_STRIP = NO;
				DEBUG_INFORMATION_FORMAT = dwarf;
				ENABLE_STRICT_OBJC_MSGSEND = YES;
				ENABLE_TESTABILITY = YES;
				GCC_C_LANGUAGE_STANDARD = gnu11;
				GCC_DYNAMIC_NO_PIC = NO;
				GCC_NO_COMMON_BLOCKS = YES;
				GCC_OPTIMIZATION_LEVEL = 0;
				GCC_PREPROCESSOR_DEFINITIONS = (
					"DEBUG=1",
					"$(inherited)",
				);
				GCC_WARN_64_TO_32_BIT_CONVERSION = YES;
				GCC_WARN_ABOUT_RETURN_TYPE = YES_ERROR;
				GCC_WARN_UNDECLARED_SELECTOR = YES;
				GCC_WARN_UNINITIALIZED_AUTOS = YES_AGGRESSIVE;
				GCC_WARN_UNUSED_FUNCTION = YES;
				GCC_WARN_UNUSED_VARIABLE = YES;
				IPHONEOS_DEPLOYMENT_TARGET = 12.1;
				MTL_ENABLE_DEBUG_INFO = INCLUDE_SOURCE;
				MTL_FAST_MATH = YES;
				ONLY_ACTIVE_ARCH = YES;
				SDKROOT = iphoneos;
			};
			name = Debug;
		};
		7803E6FA227EC13F0038C5BB /* Release */ = {
			isa = XCBuildConfiguration;
			buildSettings = {
				ALWAYS_SEARCH_USER_PATHS = NO;
				CLANG_ANALYZER_LOCALIZABILITY_NONLOCALIZED = YES;
				CLANG_ANALYZER_NONNULL = YES;
				CLANG_ANALYZER_NUMBER_OBJECT_CONVERSION = YES_AGGRESSIVE;
				CLANG_CXX_LANGUAGE_STANDARD = "gnu++14";
				CLANG_CXX_LIBRARY = "libc++";
				CLANG_ENABLE_MODULES = YES;
				CLANG_ENABLE_OBJC_ARC = YES;
				CLANG_ENABLE_OBJC_WEAK = YES;
				CLANG_WARN_BLOCK_CAPTURE_AUTORELEASING = YES;
				CLANG_WARN_BOOL_CONVERSION = YES;
				CLANG_WARN_COMMA = YES;
				CLANG_WARN_CONSTANT_CONVERSION = YES;
				CLANG_WARN_DEPRECATED_OBJC_IMPLEMENTATIONS = YES;
				CLANG_WARN_DIRECT_OBJC_ISA_USAGE = YES_ERROR;
				CLANG_WARN_DOCUMENTATION_COMMENTS = YES;
				CLANG_WARN_EMPTY_BODY = YES;
				CLANG_WARN_ENUM_CONVERSION = YES;
				CLANG_WARN_INFINITE_RECURSION = YES;
				CLANG_WARN_INT_CONVERSION = YES;
				CLANG_WARN_NON_LITERAL_NULL_CONVERSION = YES;
				CLANG_WARN_OBJC_IMPLICIT_RETAIN_SELF = YES;
				CLANG_WARN_OBJC_LITERAL_CONVERSION = YES;
				CLANG_WARN_OBJC_ROOT_CLASS = YES_ERROR;
				CLANG_WARN_RANGE_LOOP_ANALYSIS = YES;
				CLANG_WARN_STRICT_PROTOTYPES = YES;
				CLANG_WARN_SUSPICIOUS_MOVE = YES;
				CLANG_WARN_UNGUARDED_AVAILABILITY = YES_AGGRESSIVE;
				CLANG_WARN_UNREACHABLE_CODE = YES;
				CLANG_WARN__DUPLICATE_METHOD_MATCH = YES;
				CODE_SIGN_IDENTITY = "iPhone Developer";
				COPY_PHASE_STRIP = NO;
				DEBUG_INFORMATION_FORMAT = "dwarf-with-dsym";
				ENABLE_NS_ASSERTIONS = NO;
				ENABLE_STRICT_OBJC_MSGSEND = YES;
				GCC_C_LANGUAGE_STANDARD = gnu11;
				GCC_NO_COMMON_BLOCKS = YES;
				GCC_WARN_64_TO_32_BIT_CONVERSION = YES;
				GCC_WARN_ABOUT_RETURN_TYPE = YES_ERROR;
				GCC_WARN_UNDECLARED_SELECTOR = YES;
				GCC_WARN_UNINITIALIZED_AUTOS = YES_AGGRESSIVE;
				GCC_WARN_UNUSED_FUNCTION = YES;
				GCC_WARN_UNUSED_VARIABLE = YES;
				IPHONEOS_DEPLOYMENT_TARGET = 12.1;
				MTL_ENABLE_DEBUG_INFO = NO;
				MTL_FAST_MATH = YES;
				SDKROOT = iphoneos;
				VALIDATE_PRODUCT = YES;
			};
			name = Release;
		};
		7803E6FC227EC13F0038C5BB /* Debug */ = {
			isa = XCBuildConfiguration;
			baseConfigurationReference = D4276A9F9517E17492895CF4 /* Pods-MallShopMerchants.debug.xcconfig */;
			buildSettings = {
				ASSETCATALOG_COMPILER_APPICON_NAME = AppIcon;
				CODE_SIGN_IDENTITY = "iPhone Developer";
				CODE_SIGN_STYLE = Automatic;
				DEVELOPMENT_TEAM = KYJYU2DJ83;
				GCC_PRECOMPILE_PREFIX_HEADER = YES;
				GCC_PREFIX_HEADER = "$(SRCROOT)/MallShopMerchants/PrefixHeader.pch";
				HEADER_SEARCH_PATHS = (
					"$(inherited)",
					"\"${PODS_ROOT}/Headers/Public\"",
					"\"${PODS_ROOT}/Headers/Public/Masonry\"",
					"\"${PODS_ROOT}/Headers/Public/UIColor-HexString\"",
					"\"$(SRCROOT)/MallShopMerchants/MallShopMerchantsHeader.h\"",
					"\"$(SRCROOT)/MallShopMerchants/MallShopMerchantsMacro.h\"",
				);
				INFOPLIST_FILE = MallShopMerchants/Info.plist;
				IPHONEOS_DEPLOYMENT_TARGET = 8.0;
				LD_RUNPATH_SEARCH_PATHS = (
					"$(inherited)",
					"@executable_path/Frameworks",
				);
				PRODUCT_BUNDLE_IDENTIFIER = com.forestsspring.MallShopMerchants;
				PRODUCT_NAME = "$(TARGET_NAME)";
				PROVISIONING_PROFILE_SPECIFIER = "";
				TARGETED_DEVICE_FAMILY = 1;
			};
			name = Debug;
		};
		7803E6FD227EC13F0038C5BB /* Release */ = {
			isa = XCBuildConfiguration;
			baseConfigurationReference = E99E332267A6EA0B991154EA /* Pods-MallShopMerchants.release.xcconfig */;
			buildSettings = {
				ASSETCATALOG_COMPILER_APPICON_NAME = AppIcon;
				CODE_SIGN_IDENTITY = "iPhone Developer";
				CODE_SIGN_STYLE = Automatic;
				DEVELOPMENT_TEAM = KYJYU2DJ83;
				GCC_PRECOMPILE_PREFIX_HEADER = YES;
				GCC_PREFIX_HEADER = "$(SRCROOT)/MallShopMerchants/PrefixHeader.pch";
				HEADER_SEARCH_PATHS = (
					"$(inherited)",
					"\"${PODS_ROOT}/Headers/Public\"",
					"\"${PODS_ROOT}/Headers/Public/Masonry\"",
					"\"${PODS_ROOT}/Headers/Public/UIColor-HexString\"",
					"\"$(SRCROOT)/MallShopMerchants/MallShopMerchantsHeader.h\"",
					"\"$(SRCROOT)/MallShopMerchants/MallShopMerchantsMacro.h\"",
				);
				INFOPLIST_FILE = MallShopMerchants/Info.plist;
				IPHONEOS_DEPLOYMENT_TARGET = 8.0;
				LD_RUNPATH_SEARCH_PATHS = (
					"$(inherited)",
					"@executable_path/Frameworks",
				);
				PRODUCT_BUNDLE_IDENTIFIER = com.forestsspring.MallShopMerchants;
				PRODUCT_NAME = "$(TARGET_NAME)";
				PROVISIONING_PROFILE_SPECIFIER = "";
				TARGETED_DEVICE_FAMILY = 1;
			};
			name = Release;
		};
		7803E6FF227EC13F0038C5BB /* Debug */ = {
			isa = XCBuildConfiguration;
			buildSettings = {
				BUNDLE_LOADER = "$(TEST_HOST)";
				CODE_SIGN_STYLE = Automatic;
				DEVELOPMENT_TEAM = ZFW8H5KXKA;
				INFOPLIST_FILE = MallShopMerchantsTests/Info.plist;
				LD_RUNPATH_SEARCH_PATHS = (
					"$(inherited)",
					"@executable_path/Frameworks",
					"@loader_path/Frameworks",
				);
				PRODUCT_BUNDLE_IDENTIFIER = com.forestsspring.MallShopMerchantsTests;
				PRODUCT_NAME = "$(TARGET_NAME)";
				TARGETED_DEVICE_FAMILY = "1,2";
				TEST_HOST = "$(BUILT_PRODUCTS_DIR)/MallShopMerchants.app/MallShopMerchants";
			};
			name = Debug;
		};
		7803E700227EC13F0038C5BB /* Release */ = {
			isa = XCBuildConfiguration;
			buildSettings = {
				BUNDLE_LOADER = "$(TEST_HOST)";
				CODE_SIGN_STYLE = Automatic;
				DEVELOPMENT_TEAM = ZFW8H5KXKA;
				INFOPLIST_FILE = MallShopMerchantsTests/Info.plist;
				LD_RUNPATH_SEARCH_PATHS = (
					"$(inherited)",
					"@executable_path/Frameworks",
					"@loader_path/Frameworks",
				);
				PRODUCT_BUNDLE_IDENTIFIER = com.forestsspring.MallShopMerchantsTests;
				PRODUCT_NAME = "$(TARGET_NAME)";
				TARGETED_DEVICE_FAMILY = "1,2";
				TEST_HOST = "$(BUILT_PRODUCTS_DIR)/MallShopMerchants.app/MallShopMerchants";
			};
			name = Release;
		};
		7803E702227EC13F0038C5BB /* Debug */ = {
			isa = XCBuildConfiguration;
			buildSettings = {
				CODE_SIGN_STYLE = Automatic;
				DEVELOPMENT_TEAM = ZFW8H5KXKA;
				INFOPLIST_FILE = MallShopMerchantsUITests/Info.plist;
				LD_RUNPATH_SEARCH_PATHS = (
					"$(inherited)",
					"@executable_path/Frameworks",
					"@loader_path/Frameworks",
				);
				PRODUCT_BUNDLE_IDENTIFIER = com.forestsspring.MallShopMerchantsUITests;
				PRODUCT_NAME = "$(TARGET_NAME)";
				TARGETED_DEVICE_FAMILY = "1,2";
				TEST_TARGET_NAME = MallShopMerchants;
			};
			name = Debug;
		};
		7803E703227EC13F0038C5BB /* Release */ = {
			isa = XCBuildConfiguration;
			buildSettings = {
				CODE_SIGN_STYLE = Automatic;
				DEVELOPMENT_TEAM = ZFW8H5KXKA;
				INFOPLIST_FILE = MallShopMerchantsUITests/Info.plist;
				LD_RUNPATH_SEARCH_PATHS = (
					"$(inherited)",
					"@executable_path/Frameworks",
					"@loader_path/Frameworks",
				);
				PRODUCT_BUNDLE_IDENTIFIER = com.forestsspring.MallShopMerchantsUITests;
				PRODUCT_NAME = "$(TARGET_NAME)";
				TARGETED_DEVICE_FAMILY = "1,2";
				TEST_TARGET_NAME = MallShopMerchants;
			};
			name = Release;
		};
/* End XCBuildConfiguration section */

/* Begin XCConfigurationList section */
		7803E6CA227EC13D0038C5BB /* Build configuration list for PBXProject "MallShopMerchants" */ = {
			isa = XCConfigurationList;
			buildConfigurations = (
				7803E6F9227EC13F0038C5BB /* Debug */,
				7803E6FA227EC13F0038C5BB /* Release */,
			);
			defaultConfigurationIsVisible = 0;
			defaultConfigurationName = Release;
		};
		7803E6FB227EC13F0038C5BB /* Build configuration list for PBXNativeTarget "MallShopMerchants" */ = {
			isa = XCConfigurationList;
			buildConfigurations = (
				7803E6FC227EC13F0038C5BB /* Debug */,
				7803E6FD227EC13F0038C5BB /* Release */,
			);
			defaultConfigurationIsVisible = 0;
			defaultConfigurationName = Release;
		};
		7803E6FE227EC13F0038C5BB /* Build configuration list for PBXNativeTarget "MallShopMerchantsTests" */ = {
			isa = XCConfigurationList;
			buildConfigurations = (
				7803E6FF227EC13F0038C5BB /* Debug */,
				7803E700227EC13F0038C5BB /* Release */,
			);
			defaultConfigurationIsVisible = 0;
			defaultConfigurationName = Release;
		};
		7803E701227EC13F0038C5BB /* Build configuration list for PBXNativeTarget "MallShopMerchantsUITests" */ = {
			isa = XCConfigurationList;
			buildConfigurations = (
				7803E702227EC13F0038C5BB /* Debug */,
				7803E703227EC13F0038C5BB /* Release */,
			);
			defaultConfigurationIsVisible = 0;
			defaultConfigurationName = Release;
		};
/* End XCConfigurationList section */
	};
	rootObject = 7803E6C7227EC13D0038C5BB /* Project object */;
}
